
Microsoft Visual Studio Solution File, Format Version 12.00
# Visual Studio 15
VisualStudioVersion = 15.0.28307.421
MinimumVisualStudioVersion = 10.0.40219.1
Project("{FAE04EC0-301F-11D3-BF4B-00C04F79EFBC}") = "HelloApp.Android", "HelloApp\HelloApp.Android\HelloApp.Android.csproj", "{E57E6211-5AAF-4C9F-A6F7-07525EF54752}"
EndProject
Project("{FAE04EC0-301F-11D3-BF4B-00C04F79EFBC}") = "HelloApp.iOS", "HelloApp\HelloApp.iOS\HelloApp.iOS.csproj", "{D087B9E1-0DDF-4DA9-978F-88085A1008E5}"
EndProject
Project("{FAE04EC0-301F-11D3-BF4B-00C04F79EFBC}") = "HelloApp", "HelloApp\HelloApp\HelloApp.csproj", "{C3A4A9A3-48BB-4CED-B2F6-D125C9CA59D7}"
EndProject
Global
	GlobalSection(SolutionConfigurationPlatforms) = preSolution
		Ad-Hoc|Any CPU = Ad-Hoc|Any CPU
		Ad-Hoc|iPhone = Ad-Hoc|iPhone
		Ad-Hoc|iPhoneSimulator = Ad-Hoc|iPhoneSimulator
		AppStore|Any CPU = AppStore|Any CPU
		AppStore|iPhone = AppStore|iPhone
		AppStore|iPhoneSimulator = AppStore|iPhoneSimulator
		Debug|Any CPU = Debug|Any CPU
		Debug|iPhone = Debug|iPhone
		Debug|iPhoneSimulator = Debug|iPhoneSimulator
		Release|Any CPU = Release|Any CPU
		Release|iPhone = Release|iPhone
		Release|iPhoneSimulator = Release|iPhoneSimulator
	EndGlobalSection
	GlobalSection(ProjectConfigurationPlatforms) = postSolution
		{E57E6211-5AAF-4C9F-A6F7-07525EF54752}.Ad-Hoc|Any CPU.ActiveCfg = Release|Any CPU
		{E57E6211-5AAF-4C9F-A6F7-07525EF54752}.Ad-Hoc|Any CPU.Build.0 = Release|Any CPU
		{E57E6211-5AAF-4C9F-A6F7-07525EF54752}.Ad-Hoc|Any CPU.Deploy.0 = Release|Any CPU
		{E57E6211-5AAF-4C9F-A6F7-07525EF54752}.Ad-Hoc|iPhone.ActiveCfg = Release|Any CPU
		{E57E6211-5AAF-4C9F-A6F7-07525EF54752}.Ad-Hoc|iPhone.Build.0 = Release|Any CPU
		{E57E6211-5AAF-4C9F-A6F7-07525EF54752}.Ad-Hoc|iPhone.Deploy.0 = Release|Any CPU
		{E57E6211-5AAF-4C9F-A6F7-07525EF54752}.Ad-Hoc|iPhoneSimulator.ActiveCfg = Release|Any CPU
		{E57E6211-5AAF-4C9F-A6F7-07525EF54752}.Ad-Hoc|iPhoneSimulator.Build.0 = Release|Any CPU
		{E57E6211-5AAF-4C9F-A6F7-07525EF54752}.Ad-Hoc|iPhoneSimulator.Deploy.0 = Release|Any CPU
		{E57E6211-5AAF-4C9F-A6F7-07525EF54752}.AppStore|Any CPU.ActiveCfg = Release|Any CPU
		{E57E6211-5AAF-4C9F-A6F7-07525EF54752}.AppStore|Any CPU.Build.0 = Release|Any CPU
		{E57E6211-5AAF-4C9F-A6F7-07525EF54752}.AppStore|Any CPU.Deploy.0 = Release|Any CPU
		{E57E6211-5AAF-4C9F-A6F7-07525EF54752}.AppStore|iPhone.ActiveCfg = Release|Any CPU
		{E57E6211-5AAF-4C9F-A6F7-07525EF54752}.AppStore|iPhone.Build.0 = Release|Any CPU
		{E57E6211-5AAF-4C9F-A6F7-07525EF54752}.AppStore|iPhone.Deploy.0 = Release|Any CPU
		{E57E6211-5AAF-4C9F-A6F7-07525EF54752}.AppStore|iPhoneSimulator.ActiveCfg = Release|Any CPU
		{E57E6211-5AAF-4C9F-A6F7-07525EF54752}.AppStore|iPhoneSimulator.Build.0 = Release|Any CPU
		{E57E6211-5AAF-4C9F-A6F7-07525EF54752}.AppStore|iPhoneSimulator.Deploy.0 = Release|Any CPU
		{E57E6211-5AAF-4C9F-A6F7-07525EF54752}.Debug|Any CPU.ActiveCfg = Debug|Any CPU
		{E57E6211-5AAF-4C9F-A6F7-07525EF54752}.Debug|Any CPU.Build.0 = Debug|Any CPU
		{E57E6211-5AAF-4C9F-A6F7-07525EF54752}.Debug|Any CPU.Deploy.0 = Debug|Any CPU
		{E57E6211-5AAF-4C9F-A6F7-07525EF54752}.Debug|iPhone.ActiveCfg = Debug|Any CPU
		{E57E6211-5AAF-4C9F-A6F7-07525EF54752}.Debug|iPhone.Build.0 = Debug|Any CPU
		{E57E6211-5AAF-4C9F-A6F7-07525EF54752}.Debug|iPhone.Deploy.0 = Debug|Any CPU
		{E57E6211-5AAF-4C9F-A6F7-07525EF54752}.Debug|iPhoneSimulator.ActiveCfg = Debug|Any CPU
		{E57E6211-5AAF-4C9F-A6F7-07525EF54752}.Debug|iPhoneSimulator.Build.0 = Debug|Any CPU
		{E57E6211-5AAF-4C9F-A6F7-07525EF54752}.Debug|iPhoneSimulator.Deploy.0 = Debug|Any CPU
		{E57E6211-5AAF-4C9F-A6F7-07525EF54752}.Release|Any CPU.ActiveCfg = Release|Any CPU
		{E57E6211-5AAF-4C9F-A6F7-07525EF54752}.Release|Any CPU.Build.0 = Release|Any CPU
		{E57E6211-5AAF-4C9F-A6F7-07525EF54752}.Release|Any CPU.Deploy.0 = Release|Any CPU
		{E57E6211-5AAF-4C9F-A6F7-07525EF54752}.Release|iPhone.ActiveCfg = Release|Any CPU
		{E57E6211-5AAF-4C9F-A6F7-07525EF54752}.Release|iPhone.Build.0 = Release|Any CPU
		{E57E6211-5AAF-4C9F-A6F7-07525EF54752}.Release|iPhone.Deploy.0 = Release|Any CPU
		{E57E6211-5AAF-4C9F-A6F7-07525EF54752}.Release|iPhoneSimulator.ActiveCfg = Release|Any CPU
		{E57E6211-5AAF-4C9F-A6F7-07525EF54752}.Release|iPhoneSimulator.Build.0 = Release|Any CPU
		{E57E6211-5AAF-4C9F-A6F7-07525EF54752}.Release|iPhoneSimulator.Deploy.0 = Release|Any CPU
		{D087B9E1-0DDF-4DA9-978F-88085A1008E5}.Ad-Hoc|Any CPU.ActiveCfg = Ad-Hoc|iPhone
		{D087B9E1-0DDF-4DA9-978F-88085A1008E5}.Ad-Hoc|Any CPU.Build.0 = Ad-Hoc|iPhone
		{D087B9E1-0DDF-4DA9-978F-88085A1008E5}.Ad-Hoc|Any CPU.Deploy.0 = Ad-Hoc|iPhone
		{D087B9E1-0DDF-4DA9-978F-88085A1008E5}.Ad-Hoc|iPhone.ActiveCfg = Ad-Hoc|iPhone
		{D087B9E1-0DDF-4DA9-978F-88085A1008E5}.Ad-Hoc|iPhone.Build.0 = Ad-Hoc|iPhone
		{D087B9E1-0DDF-4DA9-978F-88085A1008E5}.Ad-Hoc|iPhone.Deploy.0 = Ad-Hoc|iPhone
		{D087B9E1-0DDF-4DA9-978F-88085A1008E5}.Ad-Hoc|iPhoneSimulator.ActiveCfg = Ad-Hoc|iPhoneSimulator
		{D087B9E1-0DDF-4DA9-978F-88085A1008E5}.Ad-Hoc|iPhoneSimulator.Build.0 = Ad-Hoc|iPhoneSimulator
		{D087B9E1-0DDF-4DA9-978F-88085A1008E5}.Ad-Hoc|iPhoneSimulator.Deploy.0 = Ad-Hoc|iPhoneSimulator
		{D087B9E1-0DDF-4DA9-978F-88085A1008E5}.AppStore|Any CPU.ActiveCfg = AppStore|iPhone
		{D087B9E1-0DDF-4DA9-978F-88085A1008E5}.AppStore|Any CPU.Build.0 = AppStore|iPhone
		{D087B9E1-0DDF-4DA9-978F-88085A1008E5}.AppStore|Any CPU.Deploy.0 = AppStore|iPhone
		{D087B9E1-0DDF-4DA9-978F-88085A1008E5}.AppStore|iPhone.ActiveCfg = AppStore|iPhone
		{D087B9E1-0DDF-4DA9-978F-88085A1008E5}.AppStore|iPhone.Build.0 = AppStore|iPhone
		{D087B9E1-0DDF-4DA9-978F-88085A1008E5}.AppStore|iPhone.Deploy.0 = AppStore|iPhone
		{D087B9E1-0DDF-4DA9-978F-88085A1008E5}.AppStore|iPhoneSimulator.ActiveCfg = AppStore|iPhoneSimulator
		{D087B9E1-0DDF-4DA9-978F-88085A1008E5}.AppStore|iPhoneSimulator.Build.0 = AppStore|iPhoneSimulator
		{D087B9E1-0DDF-4DA9-978F-88085A1008E5}.AppStore|iPhoneSimulator.Deploy.0 = AppStore|iPhoneSimulator
		{D087B9E1-0DDF-4DA9-978F-88085A1008E5}.Debug|Any CPU.ActiveCfg = Debug|iPhoneSimulator
		{D087B9E1-0DDF-4DA9-978F-88085A1008E5}.Debug|Any CPU.Build.0 = Debug|iPhoneSimulator
		{D087B9E1-0DDF-4DA9-978F-88085A1008E5}.Debug|Any CPU.Deploy.0 = Debug|iPhoneSimulator
		{D087B9E1-0DDF-4DA9-978F-88085A1008E5}.Debug|iPhone.ActiveCfg = Debug|iPhone
		{D087B9E1-0DDF-4DA9-978F-88085A1008E5}.Debug|iPhone.Build.0 = Debug|iPhone
		{D087B9E1-0DDF-4DA9-978F-88085A1008E5}.Debug|iPhone.Deploy.0 = Debug|iPhone
		{D087B9E1-0DDF-4DA9-978F-88085A1008E5}.Debug|iPhoneSimulator.ActiveCfg = Debug|iPhoneSimulator
		{D087B9E1-0DDF-4DA9-978F-88085A1008E5}.Debug|iPhoneSimulator.Build.0 = Debug|iPhoneSimulator
		{D087B9E1-0DDF-4DA9-978F-88085A1008E5}.Debug|iPhoneSimulator.Deploy.0 = Debug|iPhoneSimulator
		{D087B9E1-0DDF-4DA9-978F-88085A1008E5}.Release|Any CPU.ActiveCfg = Release|iPhone
		{D087B9E1-0DDF-4DA9-978F-88085A1008E5}.Release|Any CPU.Build.0 = Release|iPhone
		{D087B9E1-0DDF-4DA9-978F-88085A1008E5}.Release|Any CPU.Deploy.0 = Release|iPhone
		{D087B9E1-0DDF-4DA9-978F-88085A1008E5}.Release|iPhone.ActiveCfg = Release|iPhone
		{D087B9E1-0DDF-4DA9-978F-88085A1008E5}.Release|iPhone.Build.0 = Release|iPhone
		{D087B9E1-0DDF-4DA9-978F-88085A1008E5}.Release|iPhone.Deploy.0 = Release|iPhone
		{D087B9E1-0DDF-4DA9-978F-88085A1008E5}.Release|iPhoneSimulator.ActiveCfg = Release|iPhoneSimulator
		{D087B9E1-0DDF-4DA9-978F-88085A1008E5}.Release|iPhoneSimulator.Build.0 = Release|iPhoneSimulator
		{D087B9E1-0DDF-4DA9-978F-88085A1008E5}.Release|iPhoneSimulator.Deploy.0 = Release|iPhoneSimulator
		{C3A4A9A3-48BB-4CED-B2F6-D125C9CA59D7}.Ad-Hoc|Any CPU.ActiveCfg = Debug|Any CPU
		{C3A4A9A3-48BB-4CED-B2F6-D125C9CA59D7}.Ad-Hoc|Any CPU.Build.0 = Debug|Any CPU
		{C3A4A9A3-48BB-4CED-B2F6-D125C9CA59D7}.Ad-Hoc|Any CPU.Deploy.0 = Debug|Any CPU
		{C3A4A9A3-48BB-4CED-B2F6-D125C9CA59D7}.Ad-Hoc|iPhone.ActiveCfg = Debug|Any CPU
		{C3A4A9A3-48BB-4CED-B2F6-D125C9CA59D7}.Ad-Hoc|iPhone.Build.0 = Debug|Any CPU
		{C3A4A9A3-48BB-4CED-B2F6-D125C9CA59D7}.Ad-Hoc|iPhone.Deploy.0 = Debug|Any CPU
		{C3A4A9A3-48BB-4CED-B2F6-D125C9CA59D7}.Ad-Hoc|iPhoneSimulator.ActiveCfg = Debug|Any CPU
		{C3A4A9A3-48BB-4CED-B2F6-D125C9CA59D7}.Ad-Hoc|iPhoneSimulator.Build.0 = Debug|Any CPU
		{C3A4A9A3-48BB-4CED-B2F6-D125C9CA59D7}.Ad-Hoc|iPhoneSimulator.Deploy.0 = Debug|Any CPU
		{C3A4A9A3-48BB-4CED-B2F6-D125C9CA59D7}.AppStore|Any CPU.ActiveCfg = Debug|Any CPU
		{C3A4A9A3-48BB-4CED-B2F6-D125C9CA59D7}.AppStore|Any CPU.Build.0 = Debug|Any CPU
		{C3A4A9A3-48BB-4CED-B2F6-D125C9CA59D7}.AppStore|Any CPU.Deploy.0 = Debug|Any CPU
		{C3A4A9A3-48BB-4CED-B2F6-D125C9CA59D7}.AppStore|iPhone.ActiveCfg = Debug|Any CPU
		{C3A4A9A3-48BB-4CED-B2F6-D125C9CA59D7}.AppStore|iPhone.Build.0 = Debug|Any CPU
		{C3A4A9A3-48BB-4CED-B2F6-D125C9CA59D7}.AppStore|iPhone.Deploy.0 = Debug|Any CPU
		{C3A4A9A3-48BB-4CED-B2F6-D125C9CA59D7}.AppStore|iPhoneSimulator.ActiveCfg = Debug|Any CPU
		{C3A4A9A3-48BB-4CED-B2F6-D125C9CA59D7}.AppStore|iPhoneSimulator.Build.0 = Debug|Any CPU
		{C3A4A9A3-48BB-4CED-B2F6-D125C9CA59D7}.AppStore|iPhoneSimulator.Deploy.0 = Debug|Any CPU
		{C3A4A9A3-48BB-4CED-B2F6-D125C9CA59D7}.Debug|Any CPU.ActiveCfg = Debug|Any CPU
		{C3A4A9A3-48BB-4CED-B2F6-D125C9CA59D7}.Debug|Any CPU.Build.0 = Debug|Any CPU
		{C3A4A9A3-48BB-4CED-B2F6-D125C9CA59D7}.Debug|Any CPU.Deploy.0 = Debug|Any CPU
		{C3A4A9A3-48BB-4CED-B2F6-D125C9CA59D7}.Debug|iPhone.ActiveCfg = Debug|Any CPU
		{C3A4A9A3-48BB-4CED-B2F6-D125C9CA59D7}.Debug|iPhone.Build.0 = Debug|Any CPU
		{C3A4A9A3-48BB-4CED-B2F6-D125C9CA59D7}.Debug|iPhone.Deploy.0 = Debug|Any CPU
		{C3A4A9A3-48BB-4CED-B2F6-D125C9CA59D7}.Debug|iPhoneSimulator.ActiveCfg = Debug|Any CPU
		{C3A4A9A3-48BB-4CED-B2F6-D125C9CA59D7}.Debug|iPhoneSimulator.Build.0 = Debug|Any CPU
		{C3A4A9A3-48BB-4CED-B2F6-D125C9CA59D7}.Debug|iPhoneSimulator.Deploy.0 = Debug|Any CPU
		{C3A4A9A3-48BB-4CED-B2F6-D125C9CA59D7}.Release|Any CPU.ActiveCfg = Release|Any CPU
		{C3A4A9A3-48BB-4CED-B2F6-D125C9CA59D7}.Release|Any CPU.Build.0 = Release|Any CPU
		{C3A4A9A3-48BB-4CED-B2F6-D125C9CA59D7}.Release|Any CPU.Deploy.0 = Release|Any CPU
		{C3A4A9A3-48BB-4CED-B2F6-D125C9CA59D7}.Release|iPhone.ActiveCfg = Release|Any CPU
		{C3A4A9A3-48BB-4CED-B2F6-D125C9CA59D7}.Release|iPhone.Build.0 = Release|Any CPU
		{C3A4A9A3-48BB-4CED-B2F6-D125C9CA59D7}.Release|iPhone.Deploy.0 = Release|Any CPU
		{C3A4A9A3-48BB-4CED-B2F6-D125C9CA59D7}.Release|iPhoneSimulator.ActiveCfg = Release|Any CPU
		{C3A4A9A3-48BB-4CED-B2F6-D125C9CA59D7}.Release|iPhoneSimulator.Build.0 = Release|Any CPU
		{C3A4A9A3-48BB-4CED-B2F6-D125C9CA59D7}.Release|iPhoneSimulator.Deploy.0 = Release|Any CPU
	EndGlobalSection
	GlobalSection(SolutionProperties) = preSolution
		HideSolutionNode = FALSE
	EndGlobalSection
	GlobalSection(ExtensibilityGlobals) = postSolution
		SolutionGuid = {A93A41A6-340E-4C12-B459-716F69AF467F}
	EndGlobalSection
EndGlobal
