
Microsoft Visual Studio Solution File, Format Version 12.00
# Visual Studio 15
VisualStudioVersion = 15.0.28307.421
MinimumVisualStudioVersion = 10.0.40219.1
Project("{FAE04EC0-301F-11D3-BF4B-00C04F79EFBC}") = "Phoneword.Android", "Phoneword\Phoneword.Android\Phoneword.Android.csproj", "{C5D39F51-703B-4B29-B021-43338031C10F}"
EndProject
Project("{FAE04EC0-301F-11D3-BF4B-00C04F79EFBC}") = "Phoneword.iOS", "Phoneword\Phoneword.iOS\Phoneword.iOS.csproj", "{E1FA06D9-2409-4CEA-A739-C951BF92B02D}"
EndProject
Project("{FAE04EC0-301F-11D3-BF4B-00C04F79EFBC}") = "Phoneword.UWP", "Phoneword\Phoneword.UWP\Phoneword.UWP.csproj", "{82D8E434-DD7B-48F9-8764-940C859D6148}"
EndProject
Project("{FAE04EC0-301F-11D3-BF4B-00C04F79EFBC}") = "Phoneword", "Phoneword\Phoneword\Phoneword.csproj", "{288435BF-0586-418B-9F76-27800E42A700}"
EndProject
Global
	GlobalSection(SolutionConfigurationPlatforms) = preSolution
		Ad-Hoc|Any CPU = Ad-Hoc|Any CPU
		Ad-Hoc|ARM = Ad-Hoc|ARM
		Ad-Hoc|iPhone = Ad-Hoc|iPhone
		Ad-Hoc|iPhoneSimulator = Ad-Hoc|iPhoneSimulator
		Ad-Hoc|x64 = Ad-Hoc|x64
		Ad-Hoc|x86 = Ad-Hoc|x86
		AppStore|Any CPU = AppStore|Any CPU
		AppStore|ARM = AppStore|ARM
		AppStore|iPhone = AppStore|iPhone
		AppStore|iPhoneSimulator = AppStore|iPhoneSimulator
		AppStore|x64 = AppStore|x64
		AppStore|x86 = AppStore|x86
		Debug|Any CPU = Debug|Any CPU
		Debug|ARM = Debug|ARM
		Debug|iPhone = Debug|iPhone
		Debug|iPhoneSimulator = Debug|iPhoneSimulator
		Debug|x64 = Debug|x64
		Debug|x86 = Debug|x86
		Release|Any CPU = Release|Any CPU
		Release|ARM = Release|ARM
		Release|iPhone = Release|iPhone
		Release|iPhoneSimulator = Release|iPhoneSimulator
		Release|x64 = Release|x64
		Release|x86 = Release|x86
	EndGlobalSection
	GlobalSection(ProjectConfigurationPlatforms) = postSolution
		{C5D39F51-703B-4B29-B021-43338031C10F}.Ad-Hoc|Any CPU.ActiveCfg = Release|Any CPU
		{C5D39F51-703B-4B29-B021-43338031C10F}.Ad-Hoc|Any CPU.Build.0 = Release|Any CPU
		{C5D39F51-703B-4B29-B021-43338031C10F}.Ad-Hoc|Any CPU.Deploy.0 = Release|Any CPU
		{C5D39F51-703B-4B29-B021-43338031C10F}.Ad-Hoc|ARM.ActiveCfg = Release|Any CPU
		{C5D39F51-703B-4B29-B021-43338031C10F}.Ad-Hoc|ARM.Build.0 = Release|Any CPU
		{C5D39F51-703B-4B29-B021-43338031C10F}.Ad-Hoc|ARM.Deploy.0 = Release|Any CPU
		{C5D39F51-703B-4B29-B021-43338031C10F}.Ad-Hoc|iPhone.ActiveCfg = Release|Any CPU
		{C5D39F51-703B-4B29-B021-43338031C10F}.Ad-Hoc|iPhone.Build.0 = Release|Any CPU
		{C5D39F51-703B-4B29-B021-43338031C10F}.Ad-Hoc|iPhone.Deploy.0 = Release|Any CPU
		{C5D39F51-703B-4B29-B021-43338031C10F}.Ad-Hoc|iPhoneSimulator.ActiveCfg = Release|Any CPU
		{C5D39F51-703B-4B29-B021-43338031C10F}.Ad-Hoc|iPhoneSimulator.Build.0 = Release|Any CPU
		{C5D39F51-703B-4B29-B021-43338031C10F}.Ad-Hoc|iPhoneSimulator.Deploy.0 = Release|Any CPU
		{C5D39F51-703B-4B29-B021-43338031C10F}.Ad-Hoc|x64.ActiveCfg = Release|Any CPU
		{C5D39F51-703B-4B29-B021-43338031C10F}.Ad-Hoc|x64.Build.0 = Release|Any CPU
		{C5D39F51-703B-4B29-B021-43338031C10F}.Ad-Hoc|x64.Deploy.0 = Release|Any CPU
		{C5D39F51-703B-4B29-B021-43338031C10F}.Ad-Hoc|x86.ActiveCfg = Release|Any CPU
		{C5D39F51-703B-4B29-B021-43338031C10F}.Ad-Hoc|x86.Build.0 = Release|Any CPU
		{C5D39F51-703B-4B29-B021-43338031C10F}.Ad-Hoc|x86.Deploy.0 = Release|Any CPU
		{C5D39F51-703B-4B29-B021-43338031C10F}.AppStore|Any CPU.ActiveCfg = Release|Any CPU
		{C5D39F51-703B-4B29-B021-43338031C10F}.AppStore|Any CPU.Build.0 = Release|Any CPU
		{C5D39F51-703B-4B29-B021-43338031C10F}.AppStore|Any CPU.Deploy.0 = Release|Any CPU
		{C5D39F51-703B-4B29-B021-43338031C10F}.AppStore|ARM.ActiveCfg = Release|Any CPU
		{C5D39F51-703B-4B29-B021-43338031C10F}.AppStore|ARM.Build.0 = Release|Any CPU
		{C5D39F51-703B-4B29-B021-43338031C10F}.AppStore|ARM.Deploy.0 = Release|Any CPU
		{C5D39F51-703B-4B29-B021-43338031C10F}.AppStore|iPhone.ActiveCfg = Release|Any CPU
		{C5D39F51-703B-4B29-B021-43338031C10F}.AppStore|iPhone.Build.0 = Release|Any CPU
		{C5D39F51-703B-4B29-B021-43338031C10F}.AppStore|iPhone.Deploy.0 = Release|Any CPU
		{C5D39F51-703B-4B29-B021-43338031C10F}.AppStore|iPhoneSimulator.ActiveCfg = Release|Any CPU
		{C5D39F51-703B-4B29-B021-43338031C10F}.AppStore|iPhoneSimulator.Build.0 = Release|Any CPU
		{C5D39F51-703B-4B29-B021-43338031C10F}.AppStore|iPhoneSimulator.Deploy.0 = Release|Any CPU
		{C5D39F51-703B-4B29-B021-43338031C10F}.AppStore|x64.ActiveCfg = Release|Any CPU
		{C5D39F51-703B-4B29-B021-43338031C10F}.AppStore|x64.Build.0 = Release|Any CPU
		{C5D39F51-703B-4B29-B021-43338031C10F}.AppStore|x64.Deploy.0 = Release|Any CPU
		{C5D39F51-703B-4B29-B021-43338031C10F}.AppStore|x86.ActiveCfg = Release|Any CPU
		{C5D39F51-703B-4B29-B021-43338031C10F}.AppStore|x86.Build.0 = Release|Any CPU
		{C5D39F51-703B-4B29-B021-43338031C10F}.AppStore|x86.Deploy.0 = Release|Any CPU
		{C5D39F51-703B-4B29-B021-43338031C10F}.Debug|Any CPU.ActiveCfg = Debug|Any CPU
		{C5D39F51-703B-4B29-B021-43338031C10F}.Debug|Any CPU.Build.0 = Debug|Any CPU
		{C5D39F51-703B-4B29-B021-43338031C10F}.Debug|Any CPU.Deploy.0 = Debug|Any CPU
		{C5D39F51-703B-4B29-B021-43338031C10F}.Debug|ARM.ActiveCfg = Debug|Any CPU
		{C5D39F51-703B-4B29-B021-43338031C10F}.Debug|ARM.Build.0 = Debug|Any CPU
		{C5D39F51-703B-4B29-B021-43338031C10F}.Debug|ARM.Deploy.0 = Debug|Any CPU
		{C5D39F51-703B-4B29-B021-43338031C10F}.Debug|iPhone.ActiveCfg = Debug|Any CPU
		{C5D39F51-703B-4B29-B021-43338031C10F}.Debug|iPhone.Build.0 = Debug|Any CPU
		{C5D39F51-703B-4B29-B021-43338031C10F}.Debug|iPhone.Deploy.0 = Debug|Any CPU
		{C5D39F51-703B-4B29-B021-43338031C10F}.Debug|iPhoneSimulator.ActiveCfg = Debug|Any CPU
		{C5D39F51-703B-4B29-B021-43338031C10F}.Debug|iPhoneSimulator.Build.0 = Debug|Any CPU
		{C5D39F51-703B-4B29-B021-43338031C10F}.Debug|iPhoneSimulator.Deploy.0 = Debug|Any CPU
		{C5D39F51-703B-4B29-B021-43338031C10F}.Debug|x64.ActiveCfg = Debug|Any CPU
		{C5D39F51-703B-4B29-B021-43338031C10F}.Debug|x64.Build.0 = Debug|Any CPU
		{C5D39F51-703B-4B29-B021-43338031C10F}.Debug|x64.Deploy.0 = Debug|Any CPU
		{C5D39F51-703B-4B29-B021-43338031C10F}.Debug|x86.ActiveCfg = Debug|Any CPU
		{C5D39F51-703B-4B29-B021-43338031C10F}.Debug|x86.Build.0 = Debug|Any CPU
		{C5D39F51-703B-4B29-B021-43338031C10F}.Debug|x86.Deploy.0 = Debug|Any CPU
		{C5D39F51-703B-4B29-B021-43338031C10F}.Release|Any CPU.ActiveCfg = Release|Any CPU
		{C5D39F51-703B-4B29-B021-43338031C10F}.Release|Any CPU.Build.0 = Release|Any CPU
		{C5D39F51-703B-4B29-B021-43338031C10F}.Release|Any CPU.Deploy.0 = Release|Any CPU
		{C5D39F51-703B-4B29-B021-43338031C10F}.Release|ARM.ActiveCfg = Release|Any CPU
		{C5D39F51-703B-4B29-B021-43338031C10F}.Release|ARM.Build.0 = Release|Any CPU
		{C5D39F51-703B-4B29-B021-43338031C10F}.Release|ARM.Deploy.0 = Release|Any CPU
		{C5D39F51-703B-4B29-B021-43338031C10F}.Release|iPhone.ActiveCfg = Release|Any CPU
		{C5D39F51-703B-4B29-B021-43338031C10F}.Release|iPhone.Build.0 = Release|Any CPU
		{C5D39F51-703B-4B29-B021-43338031C10F}.Release|iPhone.Deploy.0 = Release|Any CPU
		{C5D39F51-703B-4B29-B021-43338031C10F}.Release|iPhoneSimulator.ActiveCfg = Release|Any CPU
		{C5D39F51-703B-4B29-B021-43338031C10F}.Release|iPhoneSimulator.Build.0 = Release|Any CPU
		{C5D39F51-703B-4B29-B021-43338031C10F}.Release|iPhoneSimulator.Deploy.0 = Release|Any CPU
		{C5D39F51-703B-4B29-B021-43338031C10F}.Release|x64.ActiveCfg = Release|Any CPU
		{C5D39F51-703B-4B29-B021-43338031C10F}.Release|x64.Build.0 = Release|Any CPU
		{C5D39F51-703B-4B29-B021-43338031C10F}.Release|x64.Deploy.0 = Release|Any CPU
		{C5D39F51-703B-4B29-B021-43338031C10F}.Release|x86.ActiveCfg = Release|Any CPU
		{C5D39F51-703B-4B29-B021-43338031C10F}.Release|x86.Build.0 = Release|Any CPU
		{C5D39F51-703B-4B29-B021-43338031C10F}.Release|x86.Deploy.0 = Release|Any CPU
		{E1FA06D9-2409-4CEA-A739-C951BF92B02D}.Ad-Hoc|Any CPU.ActiveCfg = Ad-Hoc|iPhone
		{E1FA06D9-2409-4CEA-A739-C951BF92B02D}.Ad-Hoc|Any CPU.Build.0 = Ad-Hoc|iPhone
		{E1FA06D9-2409-4CEA-A739-C951BF92B02D}.Ad-Hoc|Any CPU.Deploy.0 = Ad-Hoc|iPhone
		{E1FA06D9-2409-4CEA-A739-C951BF92B02D}.Ad-Hoc|ARM.ActiveCfg = Ad-Hoc|iPhone
		{E1FA06D9-2409-4CEA-A739-C951BF92B02D}.Ad-Hoc|ARM.Build.0 = Ad-Hoc|iPhone
		{E1FA06D9-2409-4CEA-A739-C951BF92B02D}.Ad-Hoc|ARM.Deploy.0 = Ad-Hoc|iPhone
		{E1FA06D9-2409-4CEA-A739-C951BF92B02D}.Ad-Hoc|iPhone.ActiveCfg = Ad-Hoc|iPhone
		{E1FA06D9-2409-4CEA-A739-C951BF92B02D}.Ad-Hoc|iPhone.Build.0 = Ad-Hoc|iPhone
		{E1FA06D9-2409-4CEA-A739-C951BF92B02D}.Ad-Hoc|iPhone.Deploy.0 = Ad-Hoc|iPhone
		{E1FA06D9-2409-4CEA-A739-C951BF92B02D}.Ad-Hoc|iPhoneSimulator.ActiveCfg = Ad-Hoc|iPhoneSimulator
		{E1FA06D9-2409-4CEA-A739-C951BF92B02D}.Ad-Hoc|iPhoneSimulator.Build.0 = Ad-Hoc|iPhoneSimulator
		{E1FA06D9-2409-4CEA-A739-C951BF92B02D}.Ad-Hoc|iPhoneSimulator.Deploy.0 = Ad-Hoc|iPhoneSimulator
		{E1FA06D9-2409-4CEA-A739-C951BF92B02D}.Ad-Hoc|x64.ActiveCfg = Ad-Hoc|iPhone
		{E1FA06D9-2409-4CEA-A739-C951BF92B02D}.Ad-Hoc|x64.Build.0 = Ad-Hoc|iPhone
		{E1FA06D9-2409-4CEA-A739-C951BF92B02D}.Ad-Hoc|x64.Deploy.0 = Ad-Hoc|iPhone
		{E1FA06D9-2409-4CEA-A739-C951BF92B02D}.Ad-Hoc|x86.ActiveCfg = Ad-Hoc|iPhone
		{E1FA06D9-2409-4CEA-A739-C951BF92B02D}.Ad-Hoc|x86.Build.0 = Ad-Hoc|iPhone
		{E1FA06D9-2409-4CEA-A739-C951BF92B02D}.Ad-Hoc|x86.Deploy.0 = Ad-Hoc|iPhone
		{E1FA06D9-2409-4CEA-A739-C951BF92B02D}.AppStore|Any CPU.ActiveCfg = AppStore|iPhone
		{E1FA06D9-2409-4CEA-A739-C951BF92B02D}.AppStore|Any CPU.Build.0 = AppStore|iPhone
		{E1FA06D9-2409-4CEA-A739-C951BF92B02D}.AppStore|Any CPU.Deploy.0 = AppStore|iPhone
		{E1FA06D9-2409-4CEA-A739-C951BF92B02D}.AppStore|ARM.ActiveCfg = AppStore|iPhone
		{E1FA06D9-2409-4CEA-A739-C951BF92B02D}.AppStore|ARM.Build.0 = AppStore|iPhone
		{E1FA06D9-2409-4CEA-A739-C951BF92B02D}.AppStore|ARM.Deploy.0 = AppStore|iPhone
		{E1FA06D9-2409-4CEA-A739-C951BF92B02D}.AppStore|iPhone.ActiveCfg = AppStore|iPhone
		{E1FA06D9-2409-4CEA-A739-C951BF92B02D}.AppStore|iPhone.Build.0 = AppStore|iPhone
		{E1FA06D9-2409-4CEA-A739-C951BF92B02D}.AppStore|iPhone.Deploy.0 = AppStore|iPhone
		{E1FA06D9-2409-4CEA-A739-C951BF92B02D}.AppStore|iPhoneSimulator.ActiveCfg = AppStore|iPhoneSimulator
		{E1FA06D9-2409-4CEA-A739-C951BF92B02D}.AppStore|iPhoneSimulator.Build.0 = AppStore|iPhoneSimulator
		{E1FA06D9-2409-4CEA-A739-C951BF92B02D}.AppStore|iPhoneSimulator.Deploy.0 = AppStore|iPhoneSimulator
		{E1FA06D9-2409-4CEA-A739-C951BF92B02D}.AppStore|x64.ActiveCfg = AppStore|iPhone
		{E1FA06D9-2409-4CEA-A739-C951BF92B02D}.AppStore|x64.Build.0 = AppStore|iPhone
		{E1FA06D9-2409-4CEA-A739-C951BF92B02D}.AppStore|x64.Deploy.0 = AppStore|iPhone
		{E1FA06D9-2409-4CEA-A739-C951BF92B02D}.AppStore|x86.ActiveCfg = AppStore|iPhone
		{E1FA06D9-2409-4CEA-A739-C951BF92B02D}.AppStore|x86.Build.0 = AppStore|iPhone
		{E1FA06D9-2409-4CEA-A739-C951BF92B02D}.AppStore|x86.Deploy.0 = AppStore|iPhone
		{E1FA06D9-2409-4CEA-A739-C951BF92B02D}.Debug|Any CPU.ActiveCfg = Debug|iPhoneSimulator
		{E1FA06D9-2409-4CEA-A739-C951BF92B02D}.Debug|Any CPU.Build.0 = Debug|iPhoneSimulator
		{E1FA06D9-2409-4CEA-A739-C951BF92B02D}.Debug|Any CPU.Deploy.0 = Debug|iPhoneSimulator
		{E1FA06D9-2409-4CEA-A739-C951BF92B02D}.Debug|ARM.ActiveCfg = Debug|iPhone
		{E1FA06D9-2409-4CEA-A739-C951BF92B02D}.Debug|ARM.Build.0 = Debug|iPhone
		{E1FA06D9-2409-4CEA-A739-C951BF92B02D}.Debug|ARM.Deploy.0 = Debug|iPhone
		{E1FA06D9-2409-4CEA-A739-C951BF92B02D}.Debug|iPhone.ActiveCfg = Debug|iPhone
		{E1FA06D9-2409-4CEA-A739-C951BF92B02D}.Debug|iPhone.Build.0 = Debug|iPhone
		{E1FA06D9-2409-4CEA-A739-C951BF92B02D}.Debug|iPhone.Deploy.0 = Debug|iPhone
		{E1FA06D9-2409-4CEA-A739-C951BF92B02D}.Debug|iPhoneSimulator.ActiveCfg = Debug|iPhoneSimulator
		{E1FA06D9-2409-4CEA-A739-C951BF92B02D}.Debug|iPhoneSimulator.Build.0 = Debug|iPhoneSimulator
		{E1FA06D9-2409-4CEA-A739-C951BF92B02D}.Debug|iPhoneSimulator.Deploy.0 = Debug|iPhoneSimulator
		{E1FA06D9-2409-4CEA-A739-C951BF92B02D}.Debug|x64.ActiveCfg = Debug|iPhone
		{E1FA06D9-2409-4CEA-A739-C951BF92B02D}.Debug|x64.Build.0 = Debug|iPhone
		{E1FA06D9-2409-4CEA-A739-C951BF92B02D}.Debug|x64.Deploy.0 = Debug|iPhone
		{E1FA06D9-2409-4CEA-A739-C951BF92B02D}.Debug|x86.ActiveCfg = Debug|iPhone
		{E1FA06D9-2409-4CEA-A739-C951BF92B02D}.Debug|x86.Build.0 = Debug|iPhone
		{E1FA06D9-2409-4CEA-A739-C951BF92B02D}.Debug|x86.Deploy.0 = Debug|iPhone
		{E1FA06D9-2409-4CEA-A739-C951BF92B02D}.Release|Any CPU.ActiveCfg = Release|iPhone
		{E1FA06D9-2409-4CEA-A739-C951BF92B02D}.Release|Any CPU.Build.0 = Release|iPhone
		{E1FA06D9-2409-4CEA-A739-C951BF92B02D}.Release|Any CPU.Deploy.0 = Release|iPhone
		{E1FA06D9-2409-4CEA-A739-C951BF92B02D}.Release|ARM.ActiveCfg = Release|iPhone
		{E1FA06D9-2409-4CEA-A739-C951BF92B02D}.Release|ARM.Build.0 = Release|iPhone
		{E1FA06D9-2409-4CEA-A739-C951BF92B02D}.Release|ARM.Deploy.0 = Release|iPhone
		{E1FA06D9-2409-4CEA-A739-C951BF92B02D}.Release|iPhone.ActiveCfg = Release|iPhone
		{E1FA06D9-2409-4CEA-A739-C951BF92B02D}.Release|iPhone.Build.0 = Release|iPhone
		{E1FA06D9-2409-4CEA-A739-C951BF92B02D}.Release|iPhone.Deploy.0 = Release|iPhone
		{E1FA06D9-2409-4CEA-A739-C951BF92B02D}.Release|iPhoneSimulator.ActiveCfg = Release|iPhoneSimulator
		{E1FA06D9-2409-4CEA-A739-C951BF92B02D}.Release|iPhoneSimulator.Build.0 = Release|iPhoneSimulator
		{E1FA06D9-2409-4CEA-A739-C951BF92B02D}.Release|iPhoneSimulator.Deploy.0 = Release|iPhoneSimulator
		{E1FA06D9-2409-4CEA-A739-C951BF92B02D}.Release|x64.ActiveCfg = Release|iPhone
		{E1FA06D9-2409-4CEA-A739-C951BF92B02D}.Release|x64.Build.0 = Release|iPhone
		{E1FA06D9-2409-4CEA-A739-C951BF92B02D}.Release|x64.Deploy.0 = Release|iPhone
		{E1FA06D9-2409-4CEA-A739-C951BF92B02D}.Release|x86.ActiveCfg = Release|iPhone
		{E1FA06D9-2409-4CEA-A739-C951BF92B02D}.Release|x86.Build.0 = Release|iPhone
		{E1FA06D9-2409-4CEA-A739-C951BF92B02D}.Release|x86.Deploy.0 = Release|iPhone
		{82D8E434-DD7B-48F9-8764-940C859D6148}.Ad-Hoc|Any CPU.ActiveCfg = Release|x86
		{82D8E434-DD7B-48F9-8764-940C859D6148}.Ad-Hoc|Any CPU.Build.0 = Release|x86
		{82D8E434-DD7B-48F9-8764-940C859D6148}.Ad-Hoc|Any CPU.Deploy.0 = Release|x86
		{82D8E434-DD7B-48F9-8764-940C859D6148}.Ad-Hoc|ARM.ActiveCfg = Release|ARM
		{82D8E434-DD7B-48F9-8764-940C859D6148}.Ad-Hoc|ARM.Build.0 = Release|ARM
		{82D8E434-DD7B-48F9-8764-940C859D6148}.Ad-Hoc|ARM.Deploy.0 = Release|ARM
		{82D8E434-DD7B-48F9-8764-940C859D6148}.Ad-Hoc|iPhone.ActiveCfg = Release|x86
		{82D8E434-DD7B-48F9-8764-940C859D6148}.Ad-Hoc|iPhone.Build.0 = Release|x86
		{82D8E434-DD7B-48F9-8764-940C859D6148}.Ad-Hoc|iPhone.Deploy.0 = Release|x86
		{82D8E434-DD7B-48F9-8764-940C859D6148}.Ad-Hoc|iPhoneSimulator.ActiveCfg = Release|x86
		{82D8E434-DD7B-48F9-8764-940C859D6148}.Ad-Hoc|iPhoneSimulator.Build.0 = Release|x86
		{82D8E434-DD7B-48F9-8764-940C859D6148}.Ad-Hoc|iPhoneSimulator.Deploy.0 = Release|x86
		{82D8E434-DD7B-48F9-8764-940C859D6148}.Ad-Hoc|x64.ActiveCfg = Release|x64
		{82D8E434-DD7B-48F9-8764-940C859D6148}.Ad-Hoc|x64.Build.0 = Release|x64
		{82D8E434-DD7B-48F9-8764-940C859D6148}.Ad-Hoc|x64.Deploy.0 = Release|x64
		{82D8E434-DD7B-48F9-8764-940C859D6148}.Ad-Hoc|x86.ActiveCfg = Release|x86
		{82D8E434-DD7B-48F9-8764-940C859D6148}.Ad-Hoc|x86.Build.0 = Release|x86
		{82D8E434-DD7B-48F9-8764-940C859D6148}.Ad-Hoc|x86.Deploy.0 = Release|x86
		{82D8E434-DD7B-48F9-8764-940C859D6148}.AppStore|Any CPU.ActiveCfg = Release|x86
		{82D8E434-DD7B-48F9-8764-940C859D6148}.AppStore|Any CPU.Build.0 = Release|x86
		{82D8E434-DD7B-48F9-8764-940C859D6148}.AppStore|Any CPU.Deploy.0 = Release|x86
		{82D8E434-DD7B-48F9-8764-940C859D6148}.AppStore|ARM.ActiveCfg = Release|ARM
		{82D8E434-DD7B-48F9-8764-940C859D6148}.AppStore|ARM.Build.0 = Release|ARM
		{82D8E434-DD7B-48F9-8764-940C859D6148}.AppStore|ARM.Deploy.0 = Release|ARM
		{82D8E434-DD7B-48F9-8764-940C859D6148}.AppStore|iPhone.ActiveCfg = Release|x86
		{82D8E434-DD7B-48F9-8764-940C859D6148}.AppStore|iPhone.Build.0 = Release|x86
		{82D8E434-DD7B-48F9-8764-940C859D6148}.AppStore|iPhone.Deploy.0 = Release|x86
		{82D8E434-DD7B-48F9-8764-940C859D6148}.AppStore|iPhoneSimulator.ActiveCfg = Release|x86
		{82D8E434-DD7B-48F9-8764-940C859D6148}.AppStore|iPhoneSimulator.Build.0 = Release|x86
		{82D8E434-DD7B-48F9-8764-940C859D6148}.AppStore|iPhoneSimulator.Deploy.0 = Release|x86
		{82D8E434-DD7B-48F9-8764-940C859D6148}.AppStore|x64.ActiveCfg = Release|x64
		{82D8E434-DD7B-48F9-8764-940C859D6148}.AppStore|x64.Build.0 = Release|x64
		{82D8E434-DD7B-48F9-8764-940C859D6148}.AppStore|x64.Deploy.0 = Release|x64
		{82D8E434-DD7B-48F9-8764-940C859D6148}.AppStore|x86.ActiveCfg = Release|x86
		{82D8E434-DD7B-48F9-8764-940C859D6148}.AppStore|x86.Build.0 = Release|x86
		{82D8E434-DD7B-48F9-8764-940C859D6148}.AppStore|x86.Deploy.0 = Release|x86
		{82D8E434-DD7B-48F9-8764-940C859D6148}.Debug|Any CPU.ActiveCfg = Debug|x86
		{82D8E434-DD7B-48F9-8764-940C859D6148}.Debug|Any CPU.Build.0 = Debug|x86
		{82D8E434-DD7B-48F9-8764-940C859D6148}.Debug|Any CPU.Deploy.0 = Debug|x86
		{82D8E434-DD7B-48F9-8764-940C859D6148}.Debug|ARM.ActiveCfg = Debug|ARM
		{82D8E434-DD7B-48F9-8764-940C859D6148}.Debug|ARM.Build.0 = Debug|ARM
		{82D8E434-DD7B-48F9-8764-940C859D6148}.Debug|ARM.Deploy.0 = Debug|ARM
		{82D8E434-DD7B-48F9-8764-940C859D6148}.Debug|iPhone.ActiveCfg = Debug|x86
		{82D8E434-DD7B-48F9-8764-940C859D6148}.Debug|iPhone.Build.0 = Debug|x86
		{82D8E434-DD7B-48F9-8764-940C859D6148}.Debug|iPhone.Deploy.0 = Debug|x86
		{82D8E434-DD7B-48F9-8764-940C859D6148}.Debug|iPhoneSimulator.ActiveCfg = Debug|x86
		{82D8E434-DD7B-48F9-8764-940C859D6148}.Debug|iPhoneSimulator.Build.0 = Debug|x86
		{82D8E434-DD7B-48F9-8764-940C859D6148}.Debug|iPhoneSimulator.Deploy.0 = Debug|x86
		{82D8E434-DD7B-48F9-8764-940C859D6148}.Debug|x64.ActiveCfg = Debug|x64
		{82D8E434-DD7B-48F9-8764-940C859D6148}.Debug|x64.Build.0 = Debug|x64
		{82D8E434-DD7B-48F9-8764-940C859D6148}.Debug|x64.Deploy.0 = Debug|x64
		{82D8E434-DD7B-48F9-8764-940C859D6148}.Debug|x86.ActiveCfg = Debug|x86
		{82D8E434-DD7B-48F9-8764-940C859D6148}.Debug|x86.Build.0 = Debug|x86
		{82D8E434-DD7B-48F9-8764-940C859D6148}.Debug|x86.Deploy.0 = Debug|x86
		{82D8E434-DD7B-48F9-8764-940C859D6148}.Release|Any CPU.ActiveCfg = Release|x86
		{82D8E434-DD7B-48F9-8764-940C859D6148}.Release|Any CPU.Build.0 = Release|x86
		{82D8E434-DD7B-48F9-8764-940C859D6148}.Release|Any CPU.Deploy.0 = Release|x86
		{82D8E434-DD7B-48F9-8764-940C859D6148}.Release|ARM.ActiveCfg = Release|ARM
		{82D8E434-DD7B-48F9-8764-940C859D6148}.Release|ARM.Build.0 = Release|ARM
		{82D8E434-DD7B-48F9-8764-940C859D6148}.Release|ARM.Deploy.0 = Release|ARM
		{82D8E434-DD7B-48F9-8764-940C859D6148}.Release|iPhone.ActiveCfg = Release|x86
		{82D8E434-DD7B-48F9-8764-940C859D6148}.Release|iPhone.Build.0 = Release|x86
		{82D8E434-DD7B-48F9-8764-940C859D6148}.Release|iPhone.Deploy.0 = Release|x86
		{82D8E434-DD7B-48F9-8764-940C859D6148}.Release|iPhoneSimulator.ActiveCfg = Release|x86
		{82D8E434-DD7B-48F9-8764-940C859D6148}.Release|iPhoneSimulator.Build.0 = Release|x86
		{82D8E434-DD7B-48F9-8764-940C859D6148}.Release|iPhoneSimulator.Deploy.0 = Release|x86
		{82D8E434-DD7B-48F9-8764-940C859D6148}.Release|x64.ActiveCfg = Release|x64
		{82D8E434-DD7B-48F9-8764-940C859D6148}.Release|x64.Build.0 = Release|x64
		{82D8E434-DD7B-48F9-8764-940C859D6148}.Release|x64.Deploy.0 = Release|x64
		{82D8E434-DD7B-48F9-8764-940C859D6148}.Release|x86.ActiveCfg = Release|x86
		{82D8E434-DD7B-48F9-8764-940C859D6148}.Release|x86.Build.0 = Release|x86
		{82D8E434-DD7B-48F9-8764-940C859D6148}.Release|x86.Deploy.0 = Release|x86
		{288435BF-0586-418B-9F76-27800E42A700}.Ad-Hoc|Any CPU.ActiveCfg = Debug|Any CPU
		{288435BF-0586-418B-9F76-27800E42A700}.Ad-Hoc|Any CPU.Build.0 = Debug|Any CPU
		{288435BF-0586-418B-9F76-27800E42A700}.Ad-Hoc|Any CPU.Deploy.0 = Debug|Any CPU
		{288435BF-0586-418B-9F76-27800E42A700}.Ad-Hoc|ARM.ActiveCfg = Debug|Any CPU
		{288435BF-0586-418B-9F76-27800E42A700}.Ad-Hoc|ARM.Build.0 = Debug|Any CPU
		{288435BF-0586-418B-9F76-27800E42A700}.Ad-Hoc|ARM.Deploy.0 = Debug|Any CPU
		{288435BF-0586-418B-9F76-27800E42A700}.Ad-Hoc|iPhone.ActiveCfg = Debug|Any CPU
		{288435BF-0586-418B-9F76-27800E42A700}.Ad-Hoc|iPhone.Build.0 = Debug|Any CPU
		{288435BF-0586-418B-9F76-27800E42A700}.Ad-Hoc|iPhone.Deploy.0 = Debug|Any CPU
		{288435BF-0586-418B-9F76-27800E42A700}.Ad-Hoc|iPhoneSimulator.ActiveCfg = Debug|Any CPU
		{288435BF-0586-418B-9F76-27800E42A700}.Ad-Hoc|iPhoneSimulator.Build.0 = Debug|Any CPU
		{288435BF-0586-418B-9F76-27800E42A700}.Ad-Hoc|iPhoneSimulator.Deploy.0 = Debug|Any CPU
		{288435BF-0586-418B-9F76-27800E42A700}.Ad-Hoc|x64.ActiveCfg = Debug|Any CPU
		{288435BF-0586-418B-9F76-27800E42A700}.Ad-Hoc|x64.Build.0 = Debug|Any CPU
		{288435BF-0586-418B-9F76-27800E42A700}.Ad-Hoc|x64.Deploy.0 = Debug|Any CPU
		{288435BF-0586-418B-9F76-27800E42A700}.Ad-Hoc|x86.ActiveCfg = Debug|Any CPU
		{288435BF-0586-418B-9F76-27800E42A700}.Ad-Hoc|x86.Build.0 = Debug|Any CPU
		{288435BF-0586-418B-9F76-27800E42A700}.Ad-Hoc|x86.Deploy.0 = Debug|Any CPU
		{288435BF-0586-418B-9F76-27800E42A700}.AppStore|Any CPU.ActiveCfg = Debug|Any CPU
		{288435BF-0586-418B-9F76-27800E42A700}.AppStore|Any CPU.Build.0 = Debug|Any CPU
		{288435BF-0586-418B-9F76-27800E42A700}.AppStore|Any CPU.Deploy.0 = Debug|Any CPU
		{288435BF-0586-418B-9F76-27800E42A700}.AppStore|ARM.ActiveCfg = Debug|Any CPU
		{288435BF-0586-418B-9F76-27800E42A700}.AppStore|ARM.Build.0 = Debug|Any CPU
		{288435BF-0586-418B-9F76-27800E42A700}.AppStore|ARM.Deploy.0 = Debug|Any CPU
		{288435BF-0586-418B-9F76-27800E42A700}.AppStore|iPhone.ActiveCfg = Debug|Any CPU
		{288435BF-0586-418B-9F76-27800E42A700}.AppStore|iPhone.Build.0 = Debug|Any CPU
		{288435BF-0586-418B-9F76-27800E42A700}.AppStore|iPhone.Deploy.0 = Debug|Any CPU
		{288435BF-0586-418B-9F76-27800E42A700}.AppStore|iPhoneSimulator.ActiveCfg = Debug|Any CPU
		{288435BF-0586-418B-9F76-27800E42A700}.AppStore|iPhoneSimulator.Build.0 = Debug|Any CPU
		{288435BF-0586-418B-9F76-27800E42A700}.AppStore|iPhoneSimulator.Deploy.0 = Debug|Any CPU
		{288435BF-0586-418B-9F76-27800E42A700}.AppStore|x64.ActiveCfg = Debug|Any CPU
		{288435BF-0586-418B-9F76-27800E42A700}.AppStore|x64.Build.0 = Debug|Any CPU
		{288435BF-0586-418B-9F76-27800E42A700}.AppStore|x64.Deploy.0 = Debug|Any CPU
		{288435BF-0586-418B-9F76-27800E42A700}.AppStore|x86.ActiveCfg = Debug|Any CPU
		{288435BF-0586-418B-9F76-27800E42A700}.AppStore|x86.Build.0 = Debug|Any CPU
		{288435BF-0586-418B-9F76-27800E42A700}.AppStore|x86.Deploy.0 = Debug|Any CPU
		{288435BF-0586-418B-9F76-27800E42A700}.Debug|Any CPU.ActiveCfg = Debug|Any CPU
		{288435BF-0586-418B-9F76-27800E42A700}.Debug|Any CPU.Build.0 = Debug|Any CPU
		{288435BF-0586-418B-9F76-27800E42A700}.Debug|Any CPU.Deploy.0 = Debug|Any CPU
		{288435BF-0586-418B-9F76-27800E42A700}.Debug|ARM.ActiveCfg = Debug|Any CPU
		{288435BF-0586-418B-9F76-27800E42A700}.Debug|ARM.Build.0 = Debug|Any CPU
		{288435BF-0586-418B-9F76-27800E42A700}.Debug|ARM.Deploy.0 = Debug|Any CPU
		{288435BF-0586-418B-9F76-27800E42A700}.Debug|iPhone.ActiveCfg = Debug|Any CPU
		{288435BF-0586-418B-9F76-27800E42A700}.Debug|iPhone.Build.0 = Debug|Any CPU
		{288435BF-0586-418B-9F76-27800E42A700}.Debug|iPhone.Deploy.0 = Debug|Any CPU
		{288435BF-0586-418B-9F76-27800E42A700}.Debug|iPhoneSimulator.ActiveCfg = Debug|Any CPU
		{288435BF-0586-418B-9F76-27800E42A700}.Debug|iPhoneSimulator.Build.0 = Debug|Any CPU
		{288435BF-0586-418B-9F76-27800E42A700}.Debug|iPhoneSimulator.Deploy.0 = Debug|Any CPU
		{288435BF-0586-418B-9F76-27800E42A700}.Debug|x64.ActiveCfg = Debug|Any CPU
		{288435BF-0586-418B-9F76-27800E42A700}.Debug|x64.Build.0 = Debug|Any CPU
		{288435BF-0586-418B-9F76-27800E42A700}.Debug|x64.Deploy.0 = Debug|Any CPU
		{288435BF-0586-418B-9F76-27800E42A700}.Debug|x86.ActiveCfg = Debug|Any CPU
		{288435BF-0586-418B-9F76-27800E42A700}.Debug|x86.Build.0 = Debug|Any CPU
		{288435BF-0586-418B-9F76-27800E42A700}.Debug|x86.Deploy.0 = Debug|Any CPU
		{288435BF-0586-418B-9F76-27800E42A700}.Release|Any CPU.ActiveCfg = Release|Any CPU
		{288435BF-0586-418B-9F76-27800E42A700}.Release|Any CPU.Build.0 = Release|Any CPU
		{288435BF-0586-418B-9F76-27800E42A700}.Release|Any CPU.Deploy.0 = Release|Any CPU
		{288435BF-0586-418B-9F76-27800E42A700}.Release|ARM.ActiveCfg = Release|Any CPU
		{288435BF-0586-418B-9F76-27800E42A700}.Release|ARM.Build.0 = Release|Any CPU
		{288435BF-0586-418B-9F76-27800E42A700}.Release|ARM.Deploy.0 = Release|Any CPU
		{288435BF-0586-418B-9F76-27800E42A700}.Release|iPhone.ActiveCfg = Release|Any CPU
		{288435BF-0586-418B-9F76-27800E42A700}.Release|iPhone.Build.0 = Release|Any CPU
		{288435BF-0586-418B-9F76-27800E42A700}.Release|iPhone.Deploy.0 = Release|Any CPU
		{288435BF-0586-418B-9F76-27800E42A700}.Release|iPhoneSimulator.ActiveCfg = Release|Any CPU
		{288435BF-0586-418B-9F76-27800E42A700}.Release|iPhoneSimulator.Build.0 = Release|Any CPU
		{288435BF-0586-418B-9F76-27800E42A700}.Release|iPhoneSimulator.Deploy.0 = Release|Any CPU
		{288435BF-0586-418B-9F76-27800E42A700}.Release|x64.ActiveCfg = Release|Any CPU
		{288435BF-0586-418B-9F76-27800E42A700}.Release|x64.Build.0 = Release|Any CPU
		{288435BF-0586-418B-9F76-27800E42A700}.Release|x64.Deploy.0 = Release|Any CPU
		{288435BF-0586-418B-9F76-27800E42A700}.Release|x86.ActiveCfg = Release|Any CPU
		{288435BF-0586-418B-9F76-27800E42A700}.Release|x86.Build.0 = Release|Any CPU
		{288435BF-0586-418B-9F76-27800E42A700}.Release|x86.Deploy.0 = Release|Any CPU
	EndGlobalSection
	GlobalSection(SolutionProperties) = preSolution
		HideSolutionNode = FALSE
	EndGlobalSection
	GlobalSection(ExtensibilityGlobals) = postSolution
		SolutionGuid = {D9CB1B94-714B-48A8-864E-FCE0D7F350AE}
	EndGlobalSection
EndGlobal
