
Microsoft Visual Studio Solution File, Format Version 12.00
# Visual Studio 15
VisualStudioVersion = 15.0.28307.421
MinimumVisualStudioVersion = 10.0.40219.1
Project("{FAE04EC0-301F-11D3-BF4B-00C04F79EFBC}") = "Notes.Android", "Notes\Notes.Android\Notes.Android.csproj", "{DD85B8AE-F0E6-4B89-82FF-01206E784516}"
EndProject
Project("{FAE04EC0-301F-11D3-BF4B-00C04F79EFBC}") = "Notes.iOS", "Notes\Notes.iOS\Notes.iOS.csproj", "{3F200497-BED1-439D-AC69-8BD757E5EFE6}"
EndProject
Project("{FAE04EC0-301F-11D3-BF4B-00C04F79EFBC}") = "Notes.UWP", "Notes\Notes.UWP\Notes.UWP.csproj", "{50053DFF-BABB-422E-99C3-E1C04F76B509}"
EndProject
Project("{FAE04EC0-301F-11D3-BF4B-00C04F79EFBC}") = "Notes", "Notes\Notes\Notes.csproj", "{F8E1AC59-4DF0-4E08-85BA-FFC41995ADF5}"
EndProject
Global
	GlobalSection(SolutionConfigurationPlatforms) = preSolution
		Ad-Hoc|Any CPU = Ad-Hoc|Any CPU
		Ad-Hoc|ARM = Ad-Hoc|ARM
		Ad-Hoc|iPhone = Ad-Hoc|iPhone
		Ad-Hoc|iPhoneSimulator = Ad-Hoc|iPhoneSimulator
		Ad-Hoc|x64 = Ad-Hoc|x64
		Ad-Hoc|x86 = Ad-Hoc|x86
		AppStore|Any CPU = AppStore|Any CPU
		AppStore|ARM = AppStore|ARM
		AppStore|iPhone = AppStore|iPhone
		AppStore|iPhoneSimulator = AppStore|iPhoneSimulator
		AppStore|x64 = AppStore|x64
		AppStore|x86 = AppStore|x86
		Debug|Any CPU = Debug|Any CPU
		Debug|ARM = Debug|ARM
		Debug|iPhone = Debug|iPhone
		Debug|iPhoneSimulator = Debug|iPhoneSimulator
		Debug|x64 = Debug|x64
		Debug|x86 = Debug|x86
		Release|Any CPU = Release|Any CPU
		Release|ARM = Release|ARM
		Release|iPhone = Release|iPhone
		Release|iPhoneSimulator = Release|iPhoneSimulator
		Release|x64 = Release|x64
		Release|x86 = Release|x86
	EndGlobalSection
	GlobalSection(ProjectConfigurationPlatforms) = postSolution
		{DD85B8AE-F0E6-4B89-82FF-01206E784516}.Ad-Hoc|Any CPU.ActiveCfg = Release|Any CPU
		{DD85B8AE-F0E6-4B89-82FF-01206E784516}.Ad-Hoc|Any CPU.Build.0 = Release|Any CPU
		{DD85B8AE-F0E6-4B89-82FF-01206E784516}.Ad-Hoc|Any CPU.Deploy.0 = Release|Any CPU
		{DD85B8AE-F0E6-4B89-82FF-01206E784516}.Ad-Hoc|ARM.ActiveCfg = Release|Any CPU
		{DD85B8AE-F0E6-4B89-82FF-01206E784516}.Ad-Hoc|ARM.Build.0 = Release|Any CPU
		{DD85B8AE-F0E6-4B89-82FF-01206E784516}.Ad-Hoc|ARM.Deploy.0 = Release|Any CPU
		{DD85B8AE-F0E6-4B89-82FF-01206E784516}.Ad-Hoc|iPhone.ActiveCfg = Release|Any CPU
		{DD85B8AE-F0E6-4B89-82FF-01206E784516}.Ad-Hoc|iPhone.Build.0 = Release|Any CPU
		{DD85B8AE-F0E6-4B89-82FF-01206E784516}.Ad-Hoc|iPhone.Deploy.0 = Release|Any CPU
		{DD85B8AE-F0E6-4B89-82FF-01206E784516}.Ad-Hoc|iPhoneSimulator.ActiveCfg = Release|Any CPU
		{DD85B8AE-F0E6-4B89-82FF-01206E784516}.Ad-Hoc|iPhoneSimulator.Build.0 = Release|Any CPU
		{DD85B8AE-F0E6-4B89-82FF-01206E784516}.Ad-Hoc|iPhoneSimulator.Deploy.0 = Release|Any CPU
		{DD85B8AE-F0E6-4B89-82FF-01206E784516}.Ad-Hoc|x64.ActiveCfg = Release|Any CPU
		{DD85B8AE-F0E6-4B89-82FF-01206E784516}.Ad-Hoc|x64.Build.0 = Release|Any CPU
		{DD85B8AE-F0E6-4B89-82FF-01206E784516}.Ad-Hoc|x64.Deploy.0 = Release|Any CPU
		{DD85B8AE-F0E6-4B89-82FF-01206E784516}.Ad-Hoc|x86.ActiveCfg = Release|Any CPU
		{DD85B8AE-F0E6-4B89-82FF-01206E784516}.Ad-Hoc|x86.Build.0 = Release|Any CPU
		{DD85B8AE-F0E6-4B89-82FF-01206E784516}.Ad-Hoc|x86.Deploy.0 = Release|Any CPU
		{DD85B8AE-F0E6-4B89-82FF-01206E784516}.AppStore|Any CPU.ActiveCfg = Release|Any CPU
		{DD85B8AE-F0E6-4B89-82FF-01206E784516}.AppStore|Any CPU.Build.0 = Release|Any CPU
		{DD85B8AE-F0E6-4B89-82FF-01206E784516}.AppStore|Any CPU.Deploy.0 = Release|Any CPU
		{DD85B8AE-F0E6-4B89-82FF-01206E784516}.AppStore|ARM.ActiveCfg = Release|Any CPU
		{DD85B8AE-F0E6-4B89-82FF-01206E784516}.AppStore|ARM.Build.0 = Release|Any CPU
		{DD85B8AE-F0E6-4B89-82FF-01206E784516}.AppStore|ARM.Deploy.0 = Release|Any CPU
		{DD85B8AE-F0E6-4B89-82FF-01206E784516}.AppStore|iPhone.ActiveCfg = Release|Any CPU
		{DD85B8AE-F0E6-4B89-82FF-01206E784516}.AppStore|iPhone.Build.0 = Release|Any CPU
		{DD85B8AE-F0E6-4B89-82FF-01206E784516}.AppStore|iPhone.Deploy.0 = Release|Any CPU
		{DD85B8AE-F0E6-4B89-82FF-01206E784516}.AppStore|iPhoneSimulator.ActiveCfg = Release|Any CPU
		{DD85B8AE-F0E6-4B89-82FF-01206E784516}.AppStore|iPhoneSimulator.Build.0 = Release|Any CPU
		{DD85B8AE-F0E6-4B89-82FF-01206E784516}.AppStore|iPhoneSimulator.Deploy.0 = Release|Any CPU
		{DD85B8AE-F0E6-4B89-82FF-01206E784516}.AppStore|x64.ActiveCfg = Release|Any CPU
		{DD85B8AE-F0E6-4B89-82FF-01206E784516}.AppStore|x64.Build.0 = Release|Any CPU
		{DD85B8AE-F0E6-4B89-82FF-01206E784516}.AppStore|x64.Deploy.0 = Release|Any CPU
		{DD85B8AE-F0E6-4B89-82FF-01206E784516}.AppStore|x86.ActiveCfg = Release|Any CPU
		{DD85B8AE-F0E6-4B89-82FF-01206E784516}.AppStore|x86.Build.0 = Release|Any CPU
		{DD85B8AE-F0E6-4B89-82FF-01206E784516}.AppStore|x86.Deploy.0 = Release|Any CPU
		{DD85B8AE-F0E6-4B89-82FF-01206E784516}.Debug|Any CPU.ActiveCfg = Debug|Any CPU
		{DD85B8AE-F0E6-4B89-82FF-01206E784516}.Debug|Any CPU.Build.0 = Debug|Any CPU
		{DD85B8AE-F0E6-4B89-82FF-01206E784516}.Debug|Any CPU.Deploy.0 = Debug|Any CPU
		{DD85B8AE-F0E6-4B89-82FF-01206E784516}.Debug|ARM.ActiveCfg = Debug|Any CPU
		{DD85B8AE-F0E6-4B89-82FF-01206E784516}.Debug|ARM.Build.0 = Debug|Any CPU
		{DD85B8AE-F0E6-4B89-82FF-01206E784516}.Debug|ARM.Deploy.0 = Debug|Any CPU
		{DD85B8AE-F0E6-4B89-82FF-01206E784516}.Debug|iPhone.ActiveCfg = Debug|Any CPU
		{DD85B8AE-F0E6-4B89-82FF-01206E784516}.Debug|iPhone.Build.0 = Debug|Any CPU
		{DD85B8AE-F0E6-4B89-82FF-01206E784516}.Debug|iPhone.Deploy.0 = Debug|Any CPU
		{DD85B8AE-F0E6-4B89-82FF-01206E784516}.Debug|iPhoneSimulator.ActiveCfg = Debug|Any CPU
		{DD85B8AE-F0E6-4B89-82FF-01206E784516}.Debug|iPhoneSimulator.Build.0 = Debug|Any CPU
		{DD85B8AE-F0E6-4B89-82FF-01206E784516}.Debug|iPhoneSimulator.Deploy.0 = Debug|Any CPU
		{DD85B8AE-F0E6-4B89-82FF-01206E784516}.Debug|x64.ActiveCfg = Debug|Any CPU
		{DD85B8AE-F0E6-4B89-82FF-01206E784516}.Debug|x64.Build.0 = Debug|Any CPU
		{DD85B8AE-F0E6-4B89-82FF-01206E784516}.Debug|x64.Deploy.0 = Debug|Any CPU
		{DD85B8AE-F0E6-4B89-82FF-01206E784516}.Debug|x86.ActiveCfg = Debug|Any CPU
		{DD85B8AE-F0E6-4B89-82FF-01206E784516}.Debug|x86.Build.0 = Debug|Any CPU
		{DD85B8AE-F0E6-4B89-82FF-01206E784516}.Debug|x86.Deploy.0 = Debug|Any CPU
		{DD85B8AE-F0E6-4B89-82FF-01206E784516}.Release|Any CPU.ActiveCfg = Release|Any CPU
		{DD85B8AE-F0E6-4B89-82FF-01206E784516}.Release|Any CPU.Build.0 = Release|Any CPU
		{DD85B8AE-F0E6-4B89-82FF-01206E784516}.Release|Any CPU.Deploy.0 = Release|Any CPU
		{DD85B8AE-F0E6-4B89-82FF-01206E784516}.Release|ARM.ActiveCfg = Release|Any CPU
		{DD85B8AE-F0E6-4B89-82FF-01206E784516}.Release|ARM.Build.0 = Release|Any CPU
		{DD85B8AE-F0E6-4B89-82FF-01206E784516}.Release|ARM.Deploy.0 = Release|Any CPU
		{DD85B8AE-F0E6-4B89-82FF-01206E784516}.Release|iPhone.ActiveCfg = Release|Any CPU
		{DD85B8AE-F0E6-4B89-82FF-01206E784516}.Release|iPhone.Build.0 = Release|Any CPU
		{DD85B8AE-F0E6-4B89-82FF-01206E784516}.Release|iPhone.Deploy.0 = Release|Any CPU
		{DD85B8AE-F0E6-4B89-82FF-01206E784516}.Release|iPhoneSimulator.ActiveCfg = Release|Any CPU
		{DD85B8AE-F0E6-4B89-82FF-01206E784516}.Release|iPhoneSimulator.Build.0 = Release|Any CPU
		{DD85B8AE-F0E6-4B89-82FF-01206E784516}.Release|iPhoneSimulator.Deploy.0 = Release|Any CPU
		{DD85B8AE-F0E6-4B89-82FF-01206E784516}.Release|x64.ActiveCfg = Release|Any CPU
		{DD85B8AE-F0E6-4B89-82FF-01206E784516}.Release|x64.Build.0 = Release|Any CPU
		{DD85B8AE-F0E6-4B89-82FF-01206E784516}.Release|x64.Deploy.0 = Release|Any CPU
		{DD85B8AE-F0E6-4B89-82FF-01206E784516}.Release|x86.ActiveCfg = Release|Any CPU
		{DD85B8AE-F0E6-4B89-82FF-01206E784516}.Release|x86.Build.0 = Release|Any CPU
		{DD85B8AE-F0E6-4B89-82FF-01206E784516}.Release|x86.Deploy.0 = Release|Any CPU
		{3F200497-BED1-439D-AC69-8BD757E5EFE6}.Ad-Hoc|Any CPU.ActiveCfg = Ad-Hoc|iPhone
		{3F200497-BED1-439D-AC69-8BD757E5EFE6}.Ad-Hoc|Any CPU.Build.0 = Ad-Hoc|iPhone
		{3F200497-BED1-439D-AC69-8BD757E5EFE6}.Ad-Hoc|Any CPU.Deploy.0 = Ad-Hoc|iPhone
		{3F200497-BED1-439D-AC69-8BD757E5EFE6}.Ad-Hoc|ARM.ActiveCfg = Ad-Hoc|iPhone
		{3F200497-BED1-439D-AC69-8BD757E5EFE6}.Ad-Hoc|ARM.Build.0 = Ad-Hoc|iPhone
		{3F200497-BED1-439D-AC69-8BD757E5EFE6}.Ad-Hoc|ARM.Deploy.0 = Ad-Hoc|iPhone
		{3F200497-BED1-439D-AC69-8BD757E5EFE6}.Ad-Hoc|iPhone.ActiveCfg = Ad-Hoc|iPhone
		{3F200497-BED1-439D-AC69-8BD757E5EFE6}.Ad-Hoc|iPhone.Build.0 = Ad-Hoc|iPhone
		{3F200497-BED1-439D-AC69-8BD757E5EFE6}.Ad-Hoc|iPhone.Deploy.0 = Ad-Hoc|iPhone
		{3F200497-BED1-439D-AC69-8BD757E5EFE6}.Ad-Hoc|iPhoneSimulator.ActiveCfg = Ad-Hoc|iPhoneSimulator
		{3F200497-BED1-439D-AC69-8BD757E5EFE6}.Ad-Hoc|iPhoneSimulator.Build.0 = Ad-Hoc|iPhoneSimulator
		{3F200497-BED1-439D-AC69-8BD757E5EFE6}.Ad-Hoc|iPhoneSimulator.Deploy.0 = Ad-Hoc|iPhoneSimulator
		{3F200497-BED1-439D-AC69-8BD757E5EFE6}.Ad-Hoc|x64.ActiveCfg = Ad-Hoc|iPhone
		{3F200497-BED1-439D-AC69-8BD757E5EFE6}.Ad-Hoc|x64.Build.0 = Ad-Hoc|iPhone
		{3F200497-BED1-439D-AC69-8BD757E5EFE6}.Ad-Hoc|x64.Deploy.0 = Ad-Hoc|iPhone
		{3F200497-BED1-439D-AC69-8BD757E5EFE6}.Ad-Hoc|x86.ActiveCfg = Ad-Hoc|iPhone
		{3F200497-BED1-439D-AC69-8BD757E5EFE6}.Ad-Hoc|x86.Build.0 = Ad-Hoc|iPhone
		{3F200497-BED1-439D-AC69-8BD757E5EFE6}.Ad-Hoc|x86.Deploy.0 = Ad-Hoc|iPhone
		{3F200497-BED1-439D-AC69-8BD757E5EFE6}.AppStore|Any CPU.ActiveCfg = AppStore|iPhone
		{3F200497-BED1-439D-AC69-8BD757E5EFE6}.AppStore|Any CPU.Build.0 = AppStore|iPhone
		{3F200497-BED1-439D-AC69-8BD757E5EFE6}.AppStore|Any CPU.Deploy.0 = AppStore|iPhone
		{3F200497-BED1-439D-AC69-8BD757E5EFE6}.AppStore|ARM.ActiveCfg = AppStore|iPhone
		{3F200497-BED1-439D-AC69-8BD757E5EFE6}.AppStore|ARM.Build.0 = AppStore|iPhone
		{3F200497-BED1-439D-AC69-8BD757E5EFE6}.AppStore|ARM.Deploy.0 = AppStore|iPhone
		{3F200497-BED1-439D-AC69-8BD757E5EFE6}.AppStore|iPhone.ActiveCfg = AppStore|iPhone
		{3F200497-BED1-439D-AC69-8BD757E5EFE6}.AppStore|iPhone.Build.0 = AppStore|iPhone
		{3F200497-BED1-439D-AC69-8BD757E5EFE6}.AppStore|iPhone.Deploy.0 = AppStore|iPhone
		{3F200497-BED1-439D-AC69-8BD757E5EFE6}.AppStore|iPhoneSimulator.ActiveCfg = AppStore|iPhoneSimulator
		{3F200497-BED1-439D-AC69-8BD757E5EFE6}.AppStore|iPhoneSimulator.Build.0 = AppStore|iPhoneSimulator
		{3F200497-BED1-439D-AC69-8BD757E5EFE6}.AppStore|iPhoneSimulator.Deploy.0 = AppStore|iPhoneSimulator
		{3F200497-BED1-439D-AC69-8BD757E5EFE6}.AppStore|x64.ActiveCfg = AppStore|iPhone
		{3F200497-BED1-439D-AC69-8BD757E5EFE6}.AppStore|x64.Build.0 = AppStore|iPhone
		{3F200497-BED1-439D-AC69-8BD757E5EFE6}.AppStore|x64.Deploy.0 = AppStore|iPhone
		{3F200497-BED1-439D-AC69-8BD757E5EFE6}.AppStore|x86.ActiveCfg = AppStore|iPhone
		{3F200497-BED1-439D-AC69-8BD757E5EFE6}.AppStore|x86.Build.0 = AppStore|iPhone
		{3F200497-BED1-439D-AC69-8BD757E5EFE6}.AppStore|x86.Deploy.0 = AppStore|iPhone
		{3F200497-BED1-439D-AC69-8BD757E5EFE6}.Debug|Any CPU.ActiveCfg = Debug|iPhoneSimulator
		{3F200497-BED1-439D-AC69-8BD757E5EFE6}.Debug|Any CPU.Build.0 = Debug|iPhoneSimulator
		{3F200497-BED1-439D-AC69-8BD757E5EFE6}.Debug|Any CPU.Deploy.0 = Debug|iPhoneSimulator
		{3F200497-BED1-439D-AC69-8BD757E5EFE6}.Debug|ARM.ActiveCfg = Debug|iPhone
		{3F200497-BED1-439D-AC69-8BD757E5EFE6}.Debug|ARM.Build.0 = Debug|iPhone
		{3F200497-BED1-439D-AC69-8BD757E5EFE6}.Debug|ARM.Deploy.0 = Debug|iPhone
		{3F200497-BED1-439D-AC69-8BD757E5EFE6}.Debug|iPhone.ActiveCfg = Debug|iPhone
		{3F200497-BED1-439D-AC69-8BD757E5EFE6}.Debug|iPhone.Build.0 = Debug|iPhone
		{3F200497-BED1-439D-AC69-8BD757E5EFE6}.Debug|iPhone.Deploy.0 = Debug|iPhone
		{3F200497-BED1-439D-AC69-8BD757E5EFE6}.Debug|iPhoneSimulator.ActiveCfg = Debug|iPhoneSimulator
		{3F200497-BED1-439D-AC69-8BD757E5EFE6}.Debug|iPhoneSimulator.Build.0 = Debug|iPhoneSimulator
		{3F200497-BED1-439D-AC69-8BD757E5EFE6}.Debug|iPhoneSimulator.Deploy.0 = Debug|iPhoneSimulator
		{3F200497-BED1-439D-AC69-8BD757E5EFE6}.Debug|x64.ActiveCfg = Debug|iPhone
		{3F200497-BED1-439D-AC69-8BD757E5EFE6}.Debug|x64.Build.0 = Debug|iPhone
		{3F200497-BED1-439D-AC69-8BD757E5EFE6}.Debug|x64.Deploy.0 = Debug|iPhone
		{3F200497-BED1-439D-AC69-8BD757E5EFE6}.Debug|x86.ActiveCfg = Debug|iPhone
		{3F200497-BED1-439D-AC69-8BD757E5EFE6}.Debug|x86.Build.0 = Debug|iPhone
		{3F200497-BED1-439D-AC69-8BD757E5EFE6}.Debug|x86.Deploy.0 = Debug|iPhone
		{3F200497-BED1-439D-AC69-8BD757E5EFE6}.Release|Any CPU.ActiveCfg = Release|iPhone
		{3F200497-BED1-439D-AC69-8BD757E5EFE6}.Release|Any CPU.Build.0 = Release|iPhone
		{3F200497-BED1-439D-AC69-8BD757E5EFE6}.Release|Any CPU.Deploy.0 = Release|iPhone
		{3F200497-BED1-439D-AC69-8BD757E5EFE6}.Release|ARM.ActiveCfg = Release|iPhone
		{3F200497-BED1-439D-AC69-8BD757E5EFE6}.Release|ARM.Build.0 = Release|iPhone
		{3F200497-BED1-439D-AC69-8BD757E5EFE6}.Release|ARM.Deploy.0 = Release|iPhone
		{3F200497-BED1-439D-AC69-8BD757E5EFE6}.Release|iPhone.ActiveCfg = Release|iPhone
		{3F200497-BED1-439D-AC69-8BD757E5EFE6}.Release|iPhone.Build.0 = Release|iPhone
		{3F200497-BED1-439D-AC69-8BD757E5EFE6}.Release|iPhone.Deploy.0 = Release|iPhone
		{3F200497-BED1-439D-AC69-8BD757E5EFE6}.Release|iPhoneSimulator.ActiveCfg = Release|iPhoneSimulator
		{3F200497-BED1-439D-AC69-8BD757E5EFE6}.Release|iPhoneSimulator.Build.0 = Release|iPhoneSimulator
		{3F200497-BED1-439D-AC69-8BD757E5EFE6}.Release|iPhoneSimulator.Deploy.0 = Release|iPhoneSimulator
		{3F200497-BED1-439D-AC69-8BD757E5EFE6}.Release|x64.ActiveCfg = Release|iPhone
		{3F200497-BED1-439D-AC69-8BD757E5EFE6}.Release|x64.Build.0 = Release|iPhone
		{3F200497-BED1-439D-AC69-8BD757E5EFE6}.Release|x64.Deploy.0 = Release|iPhone
		{3F200497-BED1-439D-AC69-8BD757E5EFE6}.Release|x86.ActiveCfg = Release|iPhone
		{3F200497-BED1-439D-AC69-8BD757E5EFE6}.Release|x86.Build.0 = Release|iPhone
		{3F200497-BED1-439D-AC69-8BD757E5EFE6}.Release|x86.Deploy.0 = Release|iPhone
		{50053DFF-BABB-422E-99C3-E1C04F76B509}.Ad-Hoc|Any CPU.ActiveCfg = Release|x86
		{50053DFF-BABB-422E-99C3-E1C04F76B509}.Ad-Hoc|Any CPU.Build.0 = Release|x86
		{50053DFF-BABB-422E-99C3-E1C04F76B509}.Ad-Hoc|Any CPU.Deploy.0 = Release|x86
		{50053DFF-BABB-422E-99C3-E1C04F76B509}.Ad-Hoc|ARM.ActiveCfg = Release|ARM
		{50053DFF-BABB-422E-99C3-E1C04F76B509}.Ad-Hoc|ARM.Build.0 = Release|ARM
		{50053DFF-BABB-422E-99C3-E1C04F76B509}.Ad-Hoc|ARM.Deploy.0 = Release|ARM
		{50053DFF-BABB-422E-99C3-E1C04F76B509}.Ad-Hoc|iPhone.ActiveCfg = Release|x86
		{50053DFF-BABB-422E-99C3-E1C04F76B509}.Ad-Hoc|iPhone.Build.0 = Release|x86
		{50053DFF-BABB-422E-99C3-E1C04F76B509}.Ad-Hoc|iPhone.Deploy.0 = Release|x86
		{50053DFF-BABB-422E-99C3-E1C04F76B509}.Ad-Hoc|iPhoneSimulator.ActiveCfg = Release|x86
		{50053DFF-BABB-422E-99C3-E1C04F76B509}.Ad-Hoc|iPhoneSimulator.Build.0 = Release|x86
		{50053DFF-BABB-422E-99C3-E1C04F76B509}.Ad-Hoc|iPhoneSimulator.Deploy.0 = Release|x86
		{50053DFF-BABB-422E-99C3-E1C04F76B509}.Ad-Hoc|x64.ActiveCfg = Release|x64
		{50053DFF-BABB-422E-99C3-E1C04F76B509}.Ad-Hoc|x64.Build.0 = Release|x64
		{50053DFF-BABB-422E-99C3-E1C04F76B509}.Ad-Hoc|x64.Deploy.0 = Release|x64
		{50053DFF-BABB-422E-99C3-E1C04F76B509}.Ad-Hoc|x86.ActiveCfg = Release|x86
		{50053DFF-BABB-422E-99C3-E1C04F76B509}.Ad-Hoc|x86.Build.0 = Release|x86
		{50053DFF-BABB-422E-99C3-E1C04F76B509}.Ad-Hoc|x86.Deploy.0 = Release|x86
		{50053DFF-BABB-422E-99C3-E1C04F76B509}.AppStore|Any CPU.ActiveCfg = Release|x86
		{50053DFF-BABB-422E-99C3-E1C04F76B509}.AppStore|Any CPU.Build.0 = Release|x86
		{50053DFF-BABB-422E-99C3-E1C04F76B509}.AppStore|Any CPU.Deploy.0 = Release|x86
		{50053DFF-BABB-422E-99C3-E1C04F76B509}.AppStore|ARM.ActiveCfg = Release|ARM
		{50053DFF-BABB-422E-99C3-E1C04F76B509}.AppStore|ARM.Build.0 = Release|ARM
		{50053DFF-BABB-422E-99C3-E1C04F76B509}.AppStore|ARM.Deploy.0 = Release|ARM
		{50053DFF-BABB-422E-99C3-E1C04F76B509}.AppStore|iPhone.ActiveCfg = Release|x86
		{50053DFF-BABB-422E-99C3-E1C04F76B509}.AppStore|iPhone.Build.0 = Release|x86
		{50053DFF-BABB-422E-99C3-E1C04F76B509}.AppStore|iPhone.Deploy.0 = Release|x86
		{50053DFF-BABB-422E-99C3-E1C04F76B509}.AppStore|iPhoneSimulator.ActiveCfg = Release|x86
		{50053DFF-BABB-422E-99C3-E1C04F76B509}.AppStore|iPhoneSimulator.Build.0 = Release|x86
		{50053DFF-BABB-422E-99C3-E1C04F76B509}.AppStore|iPhoneSimulator.Deploy.0 = Release|x86
		{50053DFF-BABB-422E-99C3-E1C04F76B509}.AppStore|x64.ActiveCfg = Release|x64
		{50053DFF-BABB-422E-99C3-E1C04F76B509}.AppStore|x64.Build.0 = Release|x64
		{50053DFF-BABB-422E-99C3-E1C04F76B509}.AppStore|x64.Deploy.0 = Release|x64
		{50053DFF-BABB-422E-99C3-E1C04F76B509}.AppStore|x86.ActiveCfg = Release|x86
		{50053DFF-BABB-422E-99C3-E1C04F76B509}.AppStore|x86.Build.0 = Release|x86
		{50053DFF-BABB-422E-99C3-E1C04F76B509}.AppStore|x86.Deploy.0 = Release|x86
		{50053DFF-BABB-422E-99C3-E1C04F76B509}.Debug|Any CPU.ActiveCfg = Debug|x86
		{50053DFF-BABB-422E-99C3-E1C04F76B509}.Debug|Any CPU.Build.0 = Debug|x86
		{50053DFF-BABB-422E-99C3-E1C04F76B509}.Debug|Any CPU.Deploy.0 = Debug|x86
		{50053DFF-BABB-422E-99C3-E1C04F76B509}.Debug|ARM.ActiveCfg = Debug|ARM
		{50053DFF-BABB-422E-99C3-E1C04F76B509}.Debug|ARM.Build.0 = Debug|ARM
		{50053DFF-BABB-422E-99C3-E1C04F76B509}.Debug|ARM.Deploy.0 = Debug|ARM
		{50053DFF-BABB-422E-99C3-E1C04F76B509}.Debug|iPhone.ActiveCfg = Debug|x86
		{50053DFF-BABB-422E-99C3-E1C04F76B509}.Debug|iPhone.Build.0 = Debug|x86
		{50053DFF-BABB-422E-99C3-E1C04F76B509}.Debug|iPhone.Deploy.0 = Debug|x86
		{50053DFF-BABB-422E-99C3-E1C04F76B509}.Debug|iPhoneSimulator.ActiveCfg = Debug|x86
		{50053DFF-BABB-422E-99C3-E1C04F76B509}.Debug|iPhoneSimulator.Build.0 = Debug|x86
		{50053DFF-BABB-422E-99C3-E1C04F76B509}.Debug|iPhoneSimulator.Deploy.0 = Debug|x86
		{50053DFF-BABB-422E-99C3-E1C04F76B509}.Debug|x64.ActiveCfg = Debug|x64
		{50053DFF-BABB-422E-99C3-E1C04F76B509}.Debug|x64.Build.0 = Debug|x64
		{50053DFF-BABB-422E-99C3-E1C04F76B509}.Debug|x64.Deploy.0 = Debug|x64
		{50053DFF-BABB-422E-99C3-E1C04F76B509}.Debug|x86.ActiveCfg = Debug|x86
		{50053DFF-BABB-422E-99C3-E1C04F76B509}.Debug|x86.Build.0 = Debug|x86
		{50053DFF-BABB-422E-99C3-E1C04F76B509}.Debug|x86.Deploy.0 = Debug|x86
		{50053DFF-BABB-422E-99C3-E1C04F76B509}.Release|Any CPU.ActiveCfg = Release|x86
		{50053DFF-BABB-422E-99C3-E1C04F76B509}.Release|Any CPU.Build.0 = Release|x86
		{50053DFF-BABB-422E-99C3-E1C04F76B509}.Release|Any CPU.Deploy.0 = Release|x86
		{50053DFF-BABB-422E-99C3-E1C04F76B509}.Release|ARM.ActiveCfg = Release|ARM
		{50053DFF-BABB-422E-99C3-E1C04F76B509}.Release|ARM.Build.0 = Release|ARM
		{50053DFF-BABB-422E-99C3-E1C04F76B509}.Release|ARM.Deploy.0 = Release|ARM
		{50053DFF-BABB-422E-99C3-E1C04F76B509}.Release|iPhone.ActiveCfg = Release|x86
		{50053DFF-BABB-422E-99C3-E1C04F76B509}.Release|iPhone.Build.0 = Release|x86
		{50053DFF-BABB-422E-99C3-E1C04F76B509}.Release|iPhone.Deploy.0 = Release|x86
		{50053DFF-BABB-422E-99C3-E1C04F76B509}.Release|iPhoneSimulator.ActiveCfg = Release|x86
		{50053DFF-BABB-422E-99C3-E1C04F76B509}.Release|iPhoneSimulator.Build.0 = Release|x86
		{50053DFF-BABB-422E-99C3-E1C04F76B509}.Release|iPhoneSimulator.Deploy.0 = Release|x86
		{50053DFF-BABB-422E-99C3-E1C04F76B509}.Release|x64.ActiveCfg = Release|x64
		{50053DFF-BABB-422E-99C3-E1C04F76B509}.Release|x64.Build.0 = Release|x64
		{50053DFF-BABB-422E-99C3-E1C04F76B509}.Release|x64.Deploy.0 = Release|x64
		{50053DFF-BABB-422E-99C3-E1C04F76B509}.Release|x86.ActiveCfg = Release|x86
		{50053DFF-BABB-422E-99C3-E1C04F76B509}.Release|x86.Build.0 = Release|x86
		{50053DFF-BABB-422E-99C3-E1C04F76B509}.Release|x86.Deploy.0 = Release|x86
		{F8E1AC59-4DF0-4E08-85BA-FFC41995ADF5}.Ad-Hoc|Any CPU.ActiveCfg = Debug|Any CPU
		{F8E1AC59-4DF0-4E08-85BA-FFC41995ADF5}.Ad-Hoc|Any CPU.Build.0 = Debug|Any CPU
		{F8E1AC59-4DF0-4E08-85BA-FFC41995ADF5}.Ad-Hoc|Any CPU.Deploy.0 = Debug|Any CPU
		{F8E1AC59-4DF0-4E08-85BA-FFC41995ADF5}.Ad-Hoc|ARM.ActiveCfg = Debug|Any CPU
		{F8E1AC59-4DF0-4E08-85BA-FFC41995ADF5}.Ad-Hoc|ARM.Build.0 = Debug|Any CPU
		{F8E1AC59-4DF0-4E08-85BA-FFC41995ADF5}.Ad-Hoc|ARM.Deploy.0 = Debug|Any CPU
		{F8E1AC59-4DF0-4E08-85BA-FFC41995ADF5}.Ad-Hoc|iPhone.ActiveCfg = Debug|Any CPU
		{F8E1AC59-4DF0-4E08-85BA-FFC41995ADF5}.Ad-Hoc|iPhone.Build.0 = Debug|Any CPU
		{F8E1AC59-4DF0-4E08-85BA-FFC41995ADF5}.Ad-Hoc|iPhone.Deploy.0 = Debug|Any CPU
		{F8E1AC59-4DF0-4E08-85BA-FFC41995ADF5}.Ad-Hoc|iPhoneSimulator.ActiveCfg = Debug|Any CPU
		{F8E1AC59-4DF0-4E08-85BA-FFC41995ADF5}.Ad-Hoc|iPhoneSimulator.Build.0 = Debug|Any CPU
		{F8E1AC59-4DF0-4E08-85BA-FFC41995ADF5}.Ad-Hoc|iPhoneSimulator.Deploy.0 = Debug|Any CPU
		{F8E1AC59-4DF0-4E08-85BA-FFC41995ADF5}.Ad-Hoc|x64.ActiveCfg = Debug|Any CPU
		{F8E1AC59-4DF0-4E08-85BA-FFC41995ADF5}.Ad-Hoc|x64.Build.0 = Debug|Any CPU
		{F8E1AC59-4DF0-4E08-85BA-FFC41995ADF5}.Ad-Hoc|x64.Deploy.0 = Debug|Any CPU
		{F8E1AC59-4DF0-4E08-85BA-FFC41995ADF5}.Ad-Hoc|x86.ActiveCfg = Debug|Any CPU
		{F8E1AC59-4DF0-4E08-85BA-FFC41995ADF5}.Ad-Hoc|x86.Build.0 = Debug|Any CPU
		{F8E1AC59-4DF0-4E08-85BA-FFC41995ADF5}.Ad-Hoc|x86.Deploy.0 = Debug|Any CPU
		{F8E1AC59-4DF0-4E08-85BA-FFC41995ADF5}.AppStore|Any CPU.ActiveCfg = Debug|Any CPU
		{F8E1AC59-4DF0-4E08-85BA-FFC41995ADF5}.AppStore|Any CPU.Build.0 = Debug|Any CPU
		{F8E1AC59-4DF0-4E08-85BA-FFC41995ADF5}.AppStore|Any CPU.Deploy.0 = Debug|Any CPU
		{F8E1AC59-4DF0-4E08-85BA-FFC41995ADF5}.AppStore|ARM.ActiveCfg = Debug|Any CPU
		{F8E1AC59-4DF0-4E08-85BA-FFC41995ADF5}.AppStore|ARM.Build.0 = Debug|Any CPU
		{F8E1AC59-4DF0-4E08-85BA-FFC41995ADF5}.AppStore|ARM.Deploy.0 = Debug|Any CPU
		{F8E1AC59-4DF0-4E08-85BA-FFC41995ADF5}.AppStore|iPhone.ActiveCfg = Debug|Any CPU
		{F8E1AC59-4DF0-4E08-85BA-FFC41995ADF5}.AppStore|iPhone.Build.0 = Debug|Any CPU
		{F8E1AC59-4DF0-4E08-85BA-FFC41995ADF5}.AppStore|iPhone.Deploy.0 = Debug|Any CPU
		{F8E1AC59-4DF0-4E08-85BA-FFC41995ADF5}.AppStore|iPhoneSimulator.ActiveCfg = Debug|Any CPU
		{F8E1AC59-4DF0-4E08-85BA-FFC41995ADF5}.AppStore|iPhoneSimulator.Build.0 = Debug|Any CPU
		{F8E1AC59-4DF0-4E08-85BA-FFC41995ADF5}.AppStore|iPhoneSimulator.Deploy.0 = Debug|Any CPU
		{F8E1AC59-4DF0-4E08-85BA-FFC41995ADF5}.AppStore|x64.ActiveCfg = Debug|Any CPU
		{F8E1AC59-4DF0-4E08-85BA-FFC41995ADF5}.AppStore|x64.Build.0 = Debug|Any CPU
		{F8E1AC59-4DF0-4E08-85BA-FFC41995ADF5}.AppStore|x64.Deploy.0 = Debug|Any CPU
		{F8E1AC59-4DF0-4E08-85BA-FFC41995ADF5}.AppStore|x86.ActiveCfg = Debug|Any CPU
		{F8E1AC59-4DF0-4E08-85BA-FFC41995ADF5}.AppStore|x86.Build.0 = Debug|Any CPU
		{F8E1AC59-4DF0-4E08-85BA-FFC41995ADF5}.AppStore|x86.Deploy.0 = Debug|Any CPU
		{F8E1AC59-4DF0-4E08-85BA-FFC41995ADF5}.Debug|Any CPU.ActiveCfg = Debug|Any CPU
		{F8E1AC59-4DF0-4E08-85BA-FFC41995ADF5}.Debug|Any CPU.Build.0 = Debug|Any CPU
		{F8E1AC59-4DF0-4E08-85BA-FFC41995ADF5}.Debug|Any CPU.Deploy.0 = Debug|Any CPU
		{F8E1AC59-4DF0-4E08-85BA-FFC41995ADF5}.Debug|ARM.ActiveCfg = Debug|Any CPU
		{F8E1AC59-4DF0-4E08-85BA-FFC41995ADF5}.Debug|ARM.Build.0 = Debug|Any CPU
		{F8E1AC59-4DF0-4E08-85BA-FFC41995ADF5}.Debug|ARM.Deploy.0 = Debug|Any CPU
		{F8E1AC59-4DF0-4E08-85BA-FFC41995ADF5}.Debug|iPhone.ActiveCfg = Debug|Any CPU
		{F8E1AC59-4DF0-4E08-85BA-FFC41995ADF5}.Debug|iPhone.Build.0 = Debug|Any CPU
		{F8E1AC59-4DF0-4E08-85BA-FFC41995ADF5}.Debug|iPhone.Deploy.0 = Debug|Any CPU
		{F8E1AC59-4DF0-4E08-85BA-FFC41995ADF5}.Debug|iPhoneSimulator.ActiveCfg = Debug|Any CPU
		{F8E1AC59-4DF0-4E08-85BA-FFC41995ADF5}.Debug|iPhoneSimulator.Build.0 = Debug|Any CPU
		{F8E1AC59-4DF0-4E08-85BA-FFC41995ADF5}.Debug|iPhoneSimulator.Deploy.0 = Debug|Any CPU
		{F8E1AC59-4DF0-4E08-85BA-FFC41995ADF5}.Debug|x64.ActiveCfg = Debug|Any CPU
		{F8E1AC59-4DF0-4E08-85BA-FFC41995ADF5}.Debug|x64.Build.0 = Debug|Any CPU
		{F8E1AC59-4DF0-4E08-85BA-FFC41995ADF5}.Debug|x64.Deploy.0 = Debug|Any CPU
		{F8E1AC59-4DF0-4E08-85BA-FFC41995ADF5}.Debug|x86.ActiveCfg = Debug|Any CPU
		{F8E1AC59-4DF0-4E08-85BA-FFC41995ADF5}.Debug|x86.Build.0 = Debug|Any CPU
		{F8E1AC59-4DF0-4E08-85BA-FFC41995ADF5}.Debug|x86.Deploy.0 = Debug|Any CPU
		{F8E1AC59-4DF0-4E08-85BA-FFC41995ADF5}.Release|Any CPU.ActiveCfg = Release|Any CPU
		{F8E1AC59-4DF0-4E08-85BA-FFC41995ADF5}.Release|Any CPU.Build.0 = Release|Any CPU
		{F8E1AC59-4DF0-4E08-85BA-FFC41995ADF5}.Release|Any CPU.Deploy.0 = Release|Any CPU
		{F8E1AC59-4DF0-4E08-85BA-FFC41995ADF5}.Release|ARM.ActiveCfg = Release|Any CPU
		{F8E1AC59-4DF0-4E08-85BA-FFC41995ADF5}.Release|ARM.Build.0 = Release|Any CPU
		{F8E1AC59-4DF0-4E08-85BA-FFC41995ADF5}.Release|ARM.Deploy.0 = Release|Any CPU
		{F8E1AC59-4DF0-4E08-85BA-FFC41995ADF5}.Release|iPhone.ActiveCfg = Release|Any CPU
		{F8E1AC59-4DF0-4E08-85BA-FFC41995ADF5}.Release|iPhone.Build.0 = Release|Any CPU
		{F8E1AC59-4DF0-4E08-85BA-FFC41995ADF5}.Release|iPhone.Deploy.0 = Release|Any CPU
		{F8E1AC59-4DF0-4E08-85BA-FFC41995ADF5}.Release|iPhoneSimulator.ActiveCfg = Release|Any CPU
		{F8E1AC59-4DF0-4E08-85BA-FFC41995ADF5}.Release|iPhoneSimulator.Build.0 = Release|Any CPU
		{F8E1AC59-4DF0-4E08-85BA-FFC41995ADF5}.Release|iPhoneSimulator.Deploy.0 = Release|Any CPU
		{F8E1AC59-4DF0-4E08-85BA-FFC41995ADF5}.Release|x64.ActiveCfg = Release|Any CPU
		{F8E1AC59-4DF0-4E08-85BA-FFC41995ADF5}.Release|x64.Build.0 = Release|Any CPU
		{F8E1AC59-4DF0-4E08-85BA-FFC41995ADF5}.Release|x64.Deploy.0 = Release|Any CPU
		{F8E1AC59-4DF0-4E08-85BA-FFC41995ADF5}.Release|x86.ActiveCfg = Release|Any CPU
		{F8E1AC59-4DF0-4E08-85BA-FFC41995ADF5}.Release|x86.Build.0 = Release|Any CPU
		{F8E1AC59-4DF0-4E08-85BA-FFC41995ADF5}.Release|x86.Deploy.0 = Release|Any CPU
	EndGlobalSection
	GlobalSection(SolutionProperties) = preSolution
		HideSolutionNode = FALSE
	EndGlobalSection
	GlobalSection(ExtensibilityGlobals) = postSolution
		SolutionGuid = {E0CAA8BC-41FE-4B46-8DB3-177F93253DE7}
	EndGlobalSection
EndGlobal
